// !$*UTF8*$!
{
	archiveVersion = 1;
	classes = {
	};
	objectVersion = 56;
	objects = {

/* Begin PBXBuildFile section */
		E31886E62CB445BC002EBCD1 /* ViewController.swift in Sources */ = {isa = PBXBuildFile; fileRef = E31886E52CB445BC002EBCD1 /* ViewController.swift */; };
		E31886EC2CB445BC002EBCD1 /* Instagram.xcdatamodeld in Sources */ = {isa = PBXBuildFile; fileRef = E31886EA2CB445BC002EBCD1 /* Instagram.xcdatamodeld */; };
		E31886EE2CB445C4002EBCD1 /* Assets.xcassets in Resources */ = {isa = PBXBuildFile; fileRef = E31886ED2CB445C4002EBCD1 /* Assets.xcassets */; };
		E31886FB2CB446B0002EBCD1 /* SignInViewController.swift in Sources */ = {isa = PBXBuildFile; fileRef = E31886FA2CB446B0002EBCD1 /* SignInViewController.swift */; };
		E31886FD2CB446D6002EBCD1 /* RegisterViewController.swift in Sources */ = {isa = PBXBuildFile; fileRef = E31886FC2CB446D6002EBCD1 /* RegisterViewController.swift */; };
		E31887012CB44847002EBCD1 /* GoogleService-Info.plist in Resources */ = {isa = PBXBuildFile; fileRef = E31887002CB44847002EBCD1 /* GoogleService-Info.plist */; };
		E31887042CB449CB002EBCD1 /* FirebaseAnalytics in Frameworks */ = {isa = PBXBuildFile; productRef = E31887032CB449CB002EBCD1 /* FirebaseAnalytics */; };
		E31887062CB449CB002EBCD1 /* FirebaseAnalyticsOnDeviceConversion in Frameworks */ = {isa = PBXBuildFile; productRef = E31887052CB449CB002EBCD1 /* FirebaseAnalyticsOnDeviceConversion */; };
		E31887082CB449CB002EBCD1 /* FirebaseAnalyticsWithoutAdIdSupport in Frameworks */ = {isa = PBXBuildFile; productRef = E31887072CB449CB002EBCD1 /* FirebaseAnalyticsWithoutAdIdSupport */; };
		E318870A2CB449CB002EBCD1 /* FirebaseAppCheck in Frameworks */ = {isa = PBXBuildFile; productRef = E31887092CB449CB002EBCD1 /* FirebaseAppCheck */; };
		E318870C2CB449CB002EBCD1 /* FirebaseAppDistribution-Beta in Frameworks */ = {isa = PBXBuildFile; productRef = E318870B2CB449CB002EBCD1 /* FirebaseAppDistribution-Beta */; };
		E318870E2CB449CB002EBCD1 /* FirebaseAuth in Frameworks */ = {isa = PBXBuildFile; productRef = E318870D2CB449CB002EBCD1 /* FirebaseAuth */; };
		E31887102CB449CB002EBCD1 /* FirebaseAuthCombine-Community in Frameworks */ = {isa = PBXBuildFile; productRef = E318870F2CB449CB002EBCD1 /* FirebaseAuthCombine-Community */; };
		E31887122CB449CB002EBCD1 /* FirebaseCore in Frameworks */ = {isa = PBXBuildFile; productRef = E31887112CB449CB002EBCD1 /* FirebaseCore */; };
		E31887142CB449CB002EBCD1 /* FirebaseCrashlytics in Frameworks */ = {isa = PBXBuildFile; productRef = E31887132CB449CB002EBCD1 /* FirebaseCrashlytics */; };
		E31887162CB449CB002EBCD1 /* FirebaseDatabase in Frameworks */ = {isa = PBXBuildFile; productRef = E31887152CB449CB002EBCD1 /* FirebaseDatabase */; };
		E31887182CB449CB002EBCD1 /* FirebaseDynamicLinks in Frameworks */ = {isa = PBXBuildFile; productRef = E31887172CB449CB002EBCD1 /* FirebaseDynamicLinks */; };
		E318871A2CB449CB002EBCD1 /* FirebaseFirestore in Frameworks */ = {isa = PBXBuildFile; productRef = E31887192CB449CB002EBCD1 /* FirebaseFirestore */; };
		E318871C2CB449CB002EBCD1 /* FirebaseFirestoreCombine-Community in Frameworks */ = {isa = PBXBuildFile; productRef = E318871B2CB449CB002EBCD1 /* FirebaseFirestoreCombine-Community */; };
		E318871E2CB449CB002EBCD1 /* FirebaseFunctions in Frameworks */ = {isa = PBXBuildFile; productRef = E318871D2CB449CB002EBCD1 /* FirebaseFunctions */; };
		E31887202CB449CB002EBCD1 /* FirebaseFunctionsCombine-Community in Frameworks */ = {isa = PBXBuildFile; productRef = E318871F2CB449CB002EBCD1 /* FirebaseFunctionsCombine-Community */; };
		E31887222CB449CB002EBCD1 /* FirebaseInAppMessaging-Beta in Frameworks */ = {isa = PBXBuildFile; productRef = E31887212CB449CB002EBCD1 /* FirebaseInAppMessaging-Beta */; };
		E31887242CB449CB002EBCD1 /* FirebaseInstallations in Frameworks */ = {isa = PBXBuildFile; productRef = E31887232CB449CB002EBCD1 /* FirebaseInstallations */; };
		E31887262CB449CB002EBCD1 /* FirebaseMLModelDownloader in Frameworks */ = {isa = PBXBuildFile; productRef = E31887252CB449CB002EBCD1 /* FirebaseMLModelDownloader */; };
		E31887282CB449CB002EBCD1 /* FirebaseMessaging in Frameworks */ = {isa = PBXBuildFile; productRef = E31887272CB449CB002EBCD1 /* FirebaseMessaging */; };
		E318872A2CB449CB002EBCD1 /* FirebasePerformance in Frameworks */ = {isa = PBXBuildFile; productRef = E31887292CB449CB002EBCD1 /* FirebasePerformance */; };
		E318872C2CB449CB002EBCD1 /* FirebaseRemoteConfig in Frameworks */ = {isa = PBXBuildFile; productRef = E318872B2CB449CB002EBCD1 /* FirebaseRemoteConfig */; };
		E318872E2CB449CB002EBCD1 /* FirebaseStorage in Frameworks */ = {isa = PBXBuildFile; productRef = E318872D2CB449CB002EBCD1 /* FirebaseStorage */; };
		E31887302CB449CB002EBCD1 /* FirebaseStorageCombine-Community in Frameworks */ = {isa = PBXBuildFile; productRef = E318872F2CB449CB002EBCD1 /* FirebaseStorageCombine-Community */; };
		E31887322CB449CB002EBCD1 /* FirebaseVertexAI-Preview in Frameworks */ = {isa = PBXBuildFile; productRef = E31887312CB449CB002EBCD1 /* FirebaseVertexAI-Preview */; };
		E31887352CB44A10002EBCD1 /* AppDelegate.swift in Sources */ = {isa = PBXBuildFile; fileRef = E31887332CB44A10002EBCD1 /* AppDelegate.swift */; };
		E31887362CB44A10002EBCD1 /* SceneDelegate.swift in Sources */ = {isa = PBXBuildFile; fileRef = E31887342CB44A10002EBCD1 /* SceneDelegate.swift */; };
		E32FBCED2CB58DA5009B39C9 /* KronaOne-Regular.ttf in Resources */ = {isa = PBXBuildFile; fileRef = E32FBCEC2CB58DA5009B39C9 /* KronaOne-Regular.ttf */; };
		E32FBCF02CB58E50009B39C9 /* UIFont+Extantion.swift in Sources */ = {isa = PBXBuildFile; fileRef = E32FBCEF2CB58E50009B39C9 /* UIFont+Extantion.swift */; };
		E32FBCF32CB58E8F009B39C9 /* Constaints.swift in Sources */ = {isa = PBXBuildFile; fileRef = E32FBCF22CB58E8F009B39C9 /* Constaints.swift */; };
		E32FBCF82CB5AB05009B39C9 /* billabong_regular.otf in Resources */ = {isa = PBXBuildFile; fileRef = E32FBCF72CB5AB05009B39C9 /* billabong_regular.otf */; };
		E32FBCFA2CB5ABC7009B39C9 /* billabong.ttf in Resources */ = {isa = PBXBuildFile; fileRef = E32FBCF92CB5ABC7009B39C9 /* billabong.ttf */; };
		E32FBCFD2CB5B9B3009B39C9 /* LaunchViewController.swift in Sources */ = {isa = PBXBuildFile; fileRef = E32FBCFC2CB5B9B3009B39C9 /* LaunchViewController.swift */; };
		E32FBCFF2CB5B9E7009B39C9 /* LaunchView.swift in Sources */ = {isa = PBXBuildFile; fileRef = E32FBCFE2CB5B9E7009B39C9 /* LaunchView.swift */; };
		E32FBD012CB5BBA2009B39C9 /* FireBaseManager.swift in Sources */ = {isa = PBXBuildFile; fileRef = E32FBD002CB5BBA2009B39C9 /* FireBaseManager.swift */; };
		E3C2B8442CB52C1300BE8B57 /* SnapKit in Frameworks */ = {isa = PBXBuildFile; productRef = E3C2B8432CB52C1300BE8B57 /* SnapKit */; };
		E3C2B8462CB52C1300BE8B57 /* SnapKit-Dynamic in Frameworks */ = {isa = PBXBuildFile; productRef = E3C2B8452CB52C1300BE8B57 /* SnapKit-Dynamic */; };
		E3C2B8492CB5301900BE8B57 /* MyTextFieldView.swift in Sources */ = {isa = PBXBuildFile; fileRef = E3C2B8482CB5301900BE8B57 /* MyTextFieldView.swift */; };
		E3C2B84B2CB5304D00BE8B57 /* MyLabel.swift in Sources */ = {isa = PBXBuildFile; fileRef = E3C2B84A2CB5304D00BE8B57 /* MyLabel.swift */; };
		E3C2B84E2CB530D500BE8B57 /* ThemeManager.swift in Sources */ = {isa = PBXBuildFile; fileRef = E3C2B84D2CB530D500BE8B57 /* ThemeManager.swift */; };
/* End PBXBuildFile section */

/* Begin PBXFileReference section */
		E31886DE2CB445BC002EBCD1 /* Instagram.app */ = {isa = PBXFileReference; explicitFileType = wrapper.application; includeInIndex = 0; path = Instagram.app; sourceTree = BUILT_PRODUCTS_DIR; };
		E31886E52CB445BC002EBCD1 /* ViewController.swift */ = {isa = PBXFileReference; lastKnownFileType = sourcecode.swift; name = ViewController.swift; path = ../ViewController.swift; sourceTree = "<group>"; };
		E31886EB2CB445BC002EBCD1 /* Instagram.xcdatamodel */ = {isa = PBXFileReference; lastKnownFileType = wrapper.xcdatamodel; path = Instagram.xcdatamodel; sourceTree = "<group>"; };
		E31886ED2CB445C4002EBCD1 /* Assets.xcassets */ = {isa = PBXFileReference; lastKnownFileType = folder.assetcatalog; path = Assets.xcassets; sourceTree = "<group>"; };
		E31886F22CB445C4002EBCD1 /* Info.plist */ = {isa = PBXFileReference; lastKnownFileType = text.plist.xml; path = Info.plist; sourceTree = "<group>"; };
		E31886FA2CB446B0002EBCD1 /* SignInViewController.swift */ = {isa = PBXFileReference; lastKnownFileType = sourcecode.swift; path = SignInViewController.swift; sourceTree = "<group>"; };
		E31886FC2CB446D6002EBCD1 /* RegisterViewController.swift */ = {isa = PBXFileReference; lastKnownFileType = sourcecode.swift; path = RegisterViewController.swift; sourceTree = "<group>"; };
		E31887002CB44847002EBCD1 /* GoogleService-Info.plist */ = {isa = PBXFileReference; fileEncoding = 4; lastKnownFileType = text.plist.xml; path = "GoogleService-Info.plist"; sourceTree = "<group>"; };
		E31887332CB44A10002EBCD1 /* AppDelegate.swift */ = {isa = PBXFileReference; fileEncoding = 4; lastKnownFileType = sourcecode.swift; path = AppDelegate.swift; sourceTree = "<group>"; };
		E31887342CB44A10002EBCD1 /* SceneDelegate.swift */ = {isa = PBXFileReference; fileEncoding = 4; lastKnownFileType = sourcecode.swift; path = SceneDelegate.swift; sourceTree = "<group>"; };
		E32FBCEC2CB58DA5009B39C9 /* KronaOne-Regular.ttf */ = {isa = PBXFileReference; lastKnownFileType = file; path = "KronaOne-Regular.ttf"; sourceTree = "<group>"; };
		E32FBCEF2CB58E50009B39C9 /* UIFont+Extantion.swift */ = {isa = PBXFileReference; lastKnownFileType = sourcecode.swift; path = "UIFont+Extantion.swift"; sourceTree = "<group>"; };
		E32FBCF22CB58E8F009B39C9 /* Constaints.swift */ = {isa = PBXFileReference; lastKnownFileType = sourcecode.swift; path = Constaints.swift; sourceTree = "<group>"; };
		E32FBCF72CB5AB05009B39C9 /* billabong_regular.otf */ = {isa = PBXFileReference; lastKnownFileType = file; path = billabong_regular.otf; sourceTree = "<group>"; };
		E32FBCF92CB5ABC7009B39C9 /* billabong.ttf */ = {isa = PBXFileReference; lastKnownFileType = file; path = billabong.ttf; sourceTree = "<group>"; };
		E32FBCFC2CB5B9B3009B39C9 /* LaunchViewController.swift */ = {isa = PBXFileReference; lastKnownFileType = sourcecode.swift; path = LaunchViewController.swift; sourceTree = "<group>"; };
		E32FBCFE2CB5B9E7009B39C9 /* LaunchView.swift */ = {isa = PBXFileReference; lastKnownFileType = sourcecode.swift; path = LaunchView.swift; sourceTree = "<group>"; };
		E32FBD002CB5BBA2009B39C9 /* FireBaseManager.swift */ = {isa = PBXFileReference; lastKnownFileType = sourcecode.swift; path = FireBaseManager.swift; sourceTree = "<group>"; };
		E3C2B8482CB5301900BE8B57 /* MyTextFieldView.swift */ = {isa = PBXFileReference; lastKnownFileType = sourcecode.swift; path = MyTextFieldView.swift; sourceTree = "<group>"; };
		E3C2B84A2CB5304D00BE8B57 /* MyLabel.swift */ = {isa = PBXFileReference; lastKnownFileType = sourcecode.swift; path = MyLabel.swift; sourceTree = "<group>"; };
		E3C2B84D2CB530D500BE8B57 /* ThemeManager.swift */ = {isa = PBXFileReference; lastKnownFileType = sourcecode.swift; path = ThemeManager.swift; sourceTree = "<group>"; };
/* End PBXFileReference section */

/* Begin PBXFrameworksBuildPhase section */
		E31886DB2CB445BC002EBCD1 /* Frameworks */ = {
			isa = PBXFrameworksBuildPhase;
			buildActionMask = 2147483647;
			files = (
				E31887322CB449CB002EBCD1 /* FirebaseVertexAI-Preview in Frameworks */,
				E318871C2CB449CB002EBCD1 /* FirebaseFirestoreCombine-Community in Frameworks */,
				E318871E2CB449CB002EBCD1 /* FirebaseFunctions in Frameworks */,
				E318872A2CB449CB002EBCD1 /* FirebasePerformance in Frameworks */,
				E31887302CB449CB002EBCD1 /* FirebaseStorageCombine-Community in Frameworks */,
				E3C2B8462CB52C1300BE8B57 /* SnapKit-Dynamic in Frameworks */,
				E318872C2CB449CB002EBCD1 /* FirebaseRemoteConfig in Frameworks */,
				E31887162CB449CB002EBCD1 /* FirebaseDatabase in Frameworks */,
				E31887182CB449CB002EBCD1 /* FirebaseDynamicLinks in Frameworks */,
				E318870A2CB449CB002EBCD1 /* FirebaseAppCheck in Frameworks */,
				E318870E2CB449CB002EBCD1 /* FirebaseAuth in Frameworks */,
				E31887042CB449CB002EBCD1 /* FirebaseAnalytics in Frameworks */,
				E318871A2CB449CB002EBCD1 /* FirebaseFirestore in Frameworks */,
				E31887282CB449CB002EBCD1 /* FirebaseMessaging in Frameworks */,
				E31887242CB449CB002EBCD1 /* FirebaseInstallations in Frameworks */,
				E31887202CB449CB002EBCD1 /* FirebaseFunctionsCombine-Community in Frameworks */,
				E318870C2CB449CB002EBCD1 /* FirebaseAppDistribution-Beta in Frameworks */,
				E31887082CB449CB002EBCD1 /* FirebaseAnalyticsWithoutAdIdSupport in Frameworks */,
				E31887222CB449CB002EBCD1 /* FirebaseInAppMessaging-Beta in Frameworks */,
				E31887102CB449CB002EBCD1 /* FirebaseAuthCombine-Community in Frameworks */,
				E31887142CB449CB002EBCD1 /* FirebaseCrashlytics in Frameworks */,
				E31887262CB449CB002EBCD1 /* FirebaseMLModelDownloader in Frameworks */,
				E318872E2CB449CB002EBCD1 /* FirebaseStorage in Frameworks */,
				E31887122CB449CB002EBCD1 /* FirebaseCore in Frameworks */,
				E31887062CB449CB002EBCD1 /* FirebaseAnalyticsOnDeviceConversion in Frameworks */,
				E3C2B8442CB52C1300BE8B57 /* SnapKit in Frameworks */,
			);
			runOnlyForDeploymentPostprocessing = 0;
		};
/* End PBXFrameworksBuildPhase section */

/* Begin PBXGroup section */
		E31886D52CB445BC002EBCD1 = {
			isa = PBXGroup;
			children = (
				E31886E02CB445BC002EBCD1 /* Instagram */,
				E31886DF2CB445BC002EBCD1 /* Products */,
			);
			sourceTree = "<group>";
		};
		E31886DF2CB445BC002EBCD1 /* Products */ = {
			isa = PBXGroup;
			children = (
				E31886DE2CB445BC002EBCD1 /* Instagram.app */,
			);
			name = Products;
			sourceTree = "<group>";
		};
		E31886E02CB445BC002EBCD1 /* Instagram */ = {
			isa = PBXGroup;
			children = (
				E31886F92CB44647002EBCD1 /* App */,
				E3C2B8472CB52FF200BE8B57 /* Components */,
				E31886F82CB4462A002EBCD1 /* Scenas */,
				E3C2B84C2CB530C100BE8B57 /* Managers */,
				E32FBCEA2CB58D66009B39C9 /* Resourses */,
				E31886ED2CB445C4002EBCD1 /* Assets.xcassets */,
				E31886F22CB445C4002EBCD1 /* Info.plist */,
				E31886EA2CB445BC002EBCD1 /* Instagram.xcdatamodeld */,
				E31887002CB44847002EBCD1 /* GoogleService-Info.plist */,
			);
			path = Instagram;
			sourceTree = "<group>";
		};
		E31886F82CB4462A002EBCD1 /* Scenas */ = {
			isa = PBXGroup;
			children = (
				E32FBCFB2CB5B991009B39C9 /* Launch */,
				E31886FE2CB446E7002EBCD1 /* SignIn */,
				E31886FF2CB446F2002EBCD1 /* Register */,
				E31886E52CB445BC002EBCD1 /* ViewController.swift */,
			);
			path = Scenas;
			sourceTree = "<group>";
		};
		E31886F92CB44647002EBCD1 /* App */ = {
			isa = PBXGroup;
			children = (
				E31887332CB44A10002EBCD1 /* AppDelegate.swift */,
				E31887342CB44A10002EBCD1 /* SceneDelegate.swift */,
			);
			path = App;
			sourceTree = "<group>";
		};
		E31886FE2CB446E7002EBCD1 /* SignIn */ = {
			isa = PBXGroup;
			children = (
				E31886FA2CB446B0002EBCD1 /* SignInViewController.swift */,
			);
			path = SignIn;
			sourceTree = "<group>";
		};
		E31886FF2CB446F2002EBCD1 /* Register */ = {
			isa = PBXGroup;
			children = (
				E31886FC2CB446D6002EBCD1 /* RegisterViewController.swift */,
			);
			path = Register;
			sourceTree = "<group>";
		};
		E32FBCEA2CB58D66009B39C9 /* Resourses */ = {
			isa = PBXGroup;
			children = (
				E32FBCF12CB58E71009B39C9 /* Constraints */,
				E32FBCEE2CB58E19009B39C9 /* Extantion */,
				E32FBCEB2CB58D93009B39C9 /* Font */,
			);
			path = Resourses;
			sourceTree = "<group>";
		};
		E32FBCEB2CB58D93009B39C9 /* Font */ = {
			isa = PBXGroup;
			children = (
				E32FBCEC2CB58DA5009B39C9 /* KronaOne-Regular.ttf */,
				E32FBCF72CB5AB05009B39C9 /* billabong_regular.otf */,
				E32FBCF92CB5ABC7009B39C9 /* billabong.ttf */,
			);
			path = Font;
			sourceTree = "<group>";
		};
		E32FBCEE2CB58E19009B39C9 /* Extantion */ = {
			isa = PBXGroup;
			children = (
				E32FBCEF2CB58E50009B39C9 /* UIFont+Extantion.swift */,
			);
			path = Extantion;
			sourceTree = "<group>";
		};
		E32FBCF12CB58E71009B39C9 /* Constraints */ = {
			isa = PBXGroup;
			children = (
				E32FBCF22CB58E8F009B39C9 /* Constaints.swift */,
			);
			path = Constraints;
			sourceTree = "<group>";
		};
		E32FBCFB2CB5B991009B39C9 /* Launch */ = {
			isa = PBXGroup;
			children = (
				E32FBCFC2CB5B9B3009B39C9 /* LaunchViewController.swift */,
				E32FBCFE2CB5B9E7009B39C9 /* LaunchView.swift */,
			);
			path = Launch;
			sourceTree = "<group>";
		};
		E3C2B8472CB52FF200BE8B57 /* Components */ = {
			isa = PBXGroup;
			children = (
				E3C2B8482CB5301900BE8B57 /* MyTextFieldView.swift */,
				E3C2B84A2CB5304D00BE8B57 /* MyLabel.swift */,
			);
			path = Components;
			sourceTree = "<group>";
		};
		E3C2B84C2CB530C100BE8B57 /* Managers */ = {
			isa = PBXGroup;
			children = (
				E3C2B84D2CB530D500BE8B57 /* ThemeManager.swift */,
				E32FBD002CB5BBA2009B39C9 /* FireBaseManager.swift */,
			);
			path = Managers;
			sourceTree = "<group>";
		};
/* End PBXGroup section */

/* Begin PBXNativeTarget section */
		E31886DD2CB445BC002EBCD1 /* Instagram */ = {
			isa = PBXNativeTarget;
			buildConfigurationList = E31886F52CB445C4002EBCD1 /* Build configuration list for PBXNativeTarget "Instagram" */;
			buildPhases = (
				E31886DA2CB445BC002EBCD1 /* Sources */,
				E31886DB2CB445BC002EBCD1 /* Frameworks */,
				E31886DC2CB445BC002EBCD1 /* Resources */,
			);
			buildRules = (
			);
			dependencies = (
			);
			name = Instagram;
			packageProductDependencies = (
				E31887032CB449CB002EBCD1 /* FirebaseAnalytics */,
				E31887052CB449CB002EBCD1 /* FirebaseAnalyticsOnDeviceConversion */,
				E31887072CB449CB002EBCD1 /* FirebaseAnalyticsWithoutAdIdSupport */,
				E31887092CB449CB002EBCD1 /* FirebaseAppCheck */,
				E318870B2CB449CB002EBCD1 /* FirebaseAppDistribution-Beta */,
				E318870D2CB449CB002EBCD1 /* FirebaseAuth */,
				E318870F2CB449CB002EBCD1 /* FirebaseAuthCombine-Community */,
				E31887112CB449CB002EBCD1 /* FirebaseCore */,
				E31887132CB449CB002EBCD1 /* FirebaseCrashlytics */,
				E31887152CB449CB002EBCD1 /* FirebaseDatabase */,
				E31887172CB449CB002EBCD1 /* FirebaseDynamicLinks */,
				E31887192CB449CB002EBCD1 /* FirebaseFirestore */,
				E318871B2CB449CB002EBCD1 /* FirebaseFirestoreCombine-Community */,
				E318871D2CB449CB002EBCD1 /* FirebaseFunctions */,
				E318871F2CB449CB002EBCD1 /* FirebaseFunctionsCombine-Community */,
				E31887212CB449CB002EBCD1 /* FirebaseInAppMessaging-Beta */,
				E31887232CB449CB002EBCD1 /* FirebaseInstallations */,
				E31887252CB449CB002EBCD1 /* FirebaseMLModelDownloader */,
				E31887272CB449CB002EBCD1 /* FirebaseMessaging */,
				E31887292CB449CB002EBCD1 /* FirebasePerformance */,
				E318872B2CB449CB002EBCD1 /* FirebaseRemoteConfig */,
				E318872D2CB449CB002EBCD1 /* FirebaseStorage */,
				E318872F2CB449CB002EBCD1 /* FirebaseStorageCombine-Community */,
				E31887312CB449CB002EBCD1 /* FirebaseVertexAI-Preview */,
				E3C2B8432CB52C1300BE8B57 /* SnapKit */,
				E3C2B8452CB52C1300BE8B57 /* SnapKit-Dynamic */,
			);
			productName = Instagram;
			productReference = E31886DE2CB445BC002EBCD1 /* Instagram.app */;
			productType = "com.apple.product-type.application";
		};
/* End PBXNativeTarget section */

/* Begin PBXProject section */
		E31886D62CB445BC002EBCD1 /* Project object */ = {
			isa = PBXProject;
			attributes = {
				BuildIndependentTargetsInParallel = 1;
				LastSwiftUpdateCheck = 1520;
				LastUpgradeCheck = 1520;
				TargetAttributes = {
					E31886DD2CB445BC002EBCD1 = {
						CreatedOnToolsVersion = 15.2;
					};
				};
			};
			buildConfigurationList = E31886D92CB445BC002EBCD1 /* Build configuration list for PBXProject "Instagram" */;
			compatibilityVersion = "Xcode 14.0";
			developmentRegion = en;
			hasScannedForEncodings = 0;
			knownRegions = (
				en,
				Base,
			);
			mainGroup = E31886D52CB445BC002EBCD1;
			packageReferences = (
				E31887022CB449CA002EBCD1 /* XCRemoteSwiftPackageReference "firebase-ios-sdk" */,
				E3C2B8422CB52C1200BE8B57 /* XCRemoteSwiftPackageReference "SnapKit" */,
			);
			productRefGroup = E31886DF2CB445BC002EBCD1 /* Products */;
			projectDirPath = "";
			projectRoot = "";
			targets = (
				E31886DD2CB445BC002EBCD1 /* Instagram */,
			);
		};
/* End PBXProject section */

/* Begin PBXResourcesBuildPhase section */
		E31886DC2CB445BC002EBCD1 /* Resources */ = {
			isa = PBXResourcesBuildPhase;
			buildActionMask = 2147483647;
			files = (
				E32FBCED2CB58DA5009B39C9 /* KronaOne-Regular.ttf in Resources */,
				E32FBCF82CB5AB05009B39C9 /* billabong_regular.otf in Resources */,
				E31886EE2CB445C4002EBCD1 /* Assets.xcassets in Resources */,
				E31887012CB44847002EBCD1 /* GoogleService-Info.plist in Resources */,
				E32FBCFA2CB5ABC7009B39C9 /* billabong.ttf in Resources */,
			);
			runOnlyForDeploymentPostprocessing = 0;
		};
/* End PBXResourcesBuildPhase section */

/* Begin PBXSourcesBuildPhase section */
		E31886DA2CB445BC002EBCD1 /* Sources */ = {
			isa = PBXSourcesBuildPhase;
			buildActionMask = 2147483647;
			files = (
				E32FBD012CB5BBA2009B39C9 /* FireBaseManager.swift in Sources */,
				E32FBCF32CB58E8F009B39C9 /* Constaints.swift in Sources */,
				E31886EC2CB445BC002EBCD1 /* Instagram.xcdatamodeld in Sources */,
				E32FBCF02CB58E50009B39C9 /* UIFont+Extantion.swift in Sources */,
				E32FBCFF2CB5B9E7009B39C9 /* LaunchView.swift in Sources */,
				E31886E62CB445BC002EBCD1 /* ViewController.swift in Sources */,
				E31886FD2CB446D6002EBCD1 /* RegisterViewController.swift in Sources */,
				E31887352CB44A10002EBCD1 /* AppDelegate.swift in Sources */,
				E3C2B8492CB5301900BE8B57 /* MyTextFieldView.swift in Sources */,
				E32FBCFD2CB5B9B3009B39C9 /* LaunchViewController.swift in Sources */,
				E3C2B84E2CB530D500BE8B57 /* ThemeManager.swift in Sources */,
				E31886FB2CB446B0002EBCD1 /* SignInViewController.swift in Sources */,
				E3C2B84B2CB5304D00BE8B57 /* MyLabel.swift in Sources */,
				E31887362CB44A10002EBCD1 /* SceneDelegate.swift in Sources */,
			);
			runOnlyForDeploymentPostprocessing = 0;
		};
/* End PBXSourcesBuildPhase section */

/* Begin XCBuildConfiguration section */
		E31886F32CB445C4002EBCD1 /* Debug */ = {
			isa = XCBuildConfiguration;
			buildSettings = {
				ALWAYS_SEARCH_USER_PATHS = NO;
				ASSETCATALOG_COMPILER_GENERATE_SWIFT_ASSET_SYMBOL_EXTENSIONS = YES;
				CLANG_ANALYZER_NONNULL = YES;
				CLANG_ANALYZER_NUMBER_OBJECT_CONVERSION = YES_AGGRESSIVE;
				CLANG_CXX_LANGUAGE_STANDARD = "gnu++20";
				CLANG_ENABLE_MODULES = YES;
				CLANG_ENABLE_OBJC_ARC = YES;
				CLANG_ENABLE_OBJC_WEAK = YES;
				CLANG_WARN_BLOCK_CAPTURE_AUTORELEASING = YES;
				CLANG_WARN_BOOL_CONVERSION = YES;
				CLANG_WARN_COMMA = YES;
				CLANG_WARN_CONSTANT_CONVERSION = YES;
				CLANG_WARN_DEPRECATED_OBJC_IMPLEMENTATIONS = YES;
				CLANG_WARN_DIRECT_OBJC_ISA_USAGE = YES_ERROR;
				CLANG_WARN_DOCUMENTATION_COMMENTS = YES;
				CLANG_WARN_EMPTY_BODY = YES;
				CLANG_WARN_ENUM_CONVERSION = YES;
				CLANG_WARN_INFINITE_RECURSION = YES;
				CLANG_WARN_INT_CONVERSION = YES;
				CLANG_WARN_NON_LITERAL_NULL_CONVERSION = YES;
				CLANG_WARN_OBJC_IMPLICIT_RETAIN_SELF = YES;
				CLANG_WARN_OBJC_LITERAL_CONVERSION = YES;
				CLANG_WARN_OBJC_ROOT_CLASS = YES_ERROR;
				CLANG_WARN_QUOTED_INCLUDE_IN_FRAMEWORK_HEADER = YES;
				CLANG_WARN_RANGE_LOOP_ANALYSIS = YES;
				CLANG_WARN_STRICT_PROTOTYPES = YES;
				CLANG_WARN_SUSPICIOUS_MOVE = YES;
				CLANG_WARN_UNGUARDED_AVAILABILITY = YES_AGGRESSIVE;
				CLANG_WARN_UNREACHABLE_CODE = YES;
				CLANG_WARN__DUPLICATE_METHOD_MATCH = YES;
				COPY_PHASE_STRIP = NO;
				DEBUG_INFORMATION_FORMAT = dwarf;
				ENABLE_STRICT_OBJC_MSGSEND = YES;
				ENABLE_TESTABILITY = YES;
				ENABLE_USER_SCRIPT_SANDBOXING = YES;
				GCC_C_LANGUAGE_STANDARD = gnu17;
				GCC_DYNAMIC_NO_PIC = NO;
				GCC_NO_COMMON_BLOCKS = YES;
				GCC_OPTIMIZATION_LEVEL = 0;
				GCC_PREPROCESSOR_DEFINITIONS = (
					"DEBUG=1",
					"$(inherited)",
				);
				GCC_WARN_64_TO_32_BIT_CONVERSION = YES;
				GCC_WARN_ABOUT_RETURN_TYPE = YES_ERROR;
				GCC_WARN_UNDECLARED_SELECTOR = YES;
				GCC_WARN_UNINITIALIZED_AUTOS = YES_AGGRESSIVE;
				GCC_WARN_UNUSED_FUNCTION = YES;
				GCC_WARN_UNUSED_VARIABLE = YES;
				IPHONEOS_DEPLOYMENT_TARGET = 17.2;
				LOCALIZATION_PREFERS_STRING_CATALOGS = YES;
				MTL_ENABLE_DEBUG_INFO = INCLUDE_SOURCE;
				MTL_FAST_MATH = YES;
				ONLY_ACTIVE_ARCH = YES;
				SDKROOT = iphoneos;
				SWIFT_ACTIVE_COMPILATION_CONDITIONS = "DEBUG $(inherited)";
				SWIFT_OPTIMIZATION_LEVEL = "-Onone";
			};
			name = Debug;
		};
		E31886F42CB445C4002EBCD1 /* Release */ = {
			isa = XCBuildConfiguration;
			buildSettings = {
				ALWAYS_SEARCH_USER_PATHS = NO;
				ASSETCATALOG_COMPILER_GENERATE_SWIFT_ASSET_SYMBOL_EXTENSIONS = YES;
				CLANG_ANALYZER_NONNULL = YES;
				CLANG_ANALYZER_NUMBER_OBJECT_CONVERSION = YES_AGGRESSIVE;
				CLANG_CXX_LANGUAGE_STANDARD = "gnu++20";
				CLANG_ENABLE_MODULES = YES;
				CLANG_ENABLE_OBJC_ARC = YES;
				CLANG_ENABLE_OBJC_WEAK = YES;
				CLANG_WARN_BLOCK_CAPTURE_AUTORELEASING = YES;
				CLANG_WARN_BOOL_CONVERSION = YES;
				CLANG_WARN_COMMA = YES;
				CLANG_WARN_CONSTANT_CONVERSION = YES;
				CLANG_WARN_DEPRECATED_OBJC_IMPLEMENTATIONS = YES;
				CLANG_WARN_DIRECT_OBJC_ISA_USAGE = YES_ERROR;
				CLANG_WARN_DOCUMENTATION_COMMENTS = YES;
				CLANG_WARN_EMPTY_BODY = YES;
				CLANG_WARN_ENUM_CONVERSION = YES;
				CLANG_WARN_INFINITE_RECURSION = YES;
				CLANG_WARN_INT_CONVERSION = YES;
				CLANG_WARN_NON_LITERAL_NULL_CONVERSION = YES;
				CLANG_WARN_OBJC_IMPLICIT_RETAIN_SELF = YES;
				CLANG_WARN_OBJC_LITERAL_CONVERSION = YES;
				CLANG_WARN_OBJC_ROOT_CLASS = YES_ERROR;
				CLANG_WARN_QUOTED_INCLUDE_IN_FRAMEWORK_HEADER = YES;
				CLANG_WARN_RANGE_LOOP_ANALYSIS = YES;
				CLANG_WARN_STRICT_PROTOTYPES = YES;
				CLANG_WARN_SUSPICIOUS_MOVE = YES;
				CLANG_WARN_UNGUARDED_AVAILABILITY = YES_AGGRESSIVE;
				CLANG_WARN_UNREACHABLE_CODE = YES;
				CLANG_WARN__DUPLICATE_METHOD_MATCH = YES;
				COPY_PHASE_STRIP = NO;
				DEBUG_INFORMATION_FORMAT = "dwarf-with-dsym";
				ENABLE_NS_ASSERTIONS = NO;
				ENABLE_STRICT_OBJC_MSGSEND = YES;
				ENABLE_USER_SCRIPT_SANDBOXING = YES;
				GCC_C_LANGUAGE_STANDARD = gnu17;
				GCC_NO_COMMON_BLOCKS = YES;
				GCC_WARN_64_TO_32_BIT_CONVERSION = YES;
				GCC_WARN_ABOUT_RETURN_TYPE = YES_ERROR;
				GCC_WARN_UNDECLARED_SELECTOR = YES;
				GCC_WARN_UNINITIALIZED_AUTOS = YES_AGGRESSIVE;
				GCC_WARN_UNUSED_FUNCTION = YES;
				GCC_WARN_UNUSED_VARIABLE = YES;
				IPHONEOS_DEPLOYMENT_TARGET = 17.2;
				LOCALIZATION_PREFERS_STRING_CATALOGS = YES;
				MTL_ENABLE_DEBUG_INFO = NO;
				MTL_FAST_MATH = YES;
				SDKROOT = iphoneos;
				SWIFT_COMPILATION_MODE = wholemodule;
				VALIDATE_PRODUCT = YES;
			};
			name = Release;
		};
		E31886F62CB445C4002EBCD1 /* Debug */ = {
			isa = XCBuildConfiguration;
			buildSettings = {
				ASSETCATALOG_COMPILER_APPICON_NAME = AppIcon;
				ASSETCATALOG_COMPILER_GLOBAL_ACCENT_COLOR_NAME = AccentColor;
				CODE_SIGN_STYLE = Automatic;
				CURRENT_PROJECT_VERSION = 1;
				DEVELOPMENT_TEAM = Z8QVL3H8TQ;
				GENERATE_INFOPLIST_FILE = YES;
				INFOPLIST_FILE = Instagram/Info.plist;
				INFOPLIST_KEY_UIApplicationSupportsIndirectInputEvents = YES;
				INFOPLIST_KEY_UILaunchStoryboardName = LaunchScreen;
				INFOPLIST_KEY_UISupportedInterfaceOrientations_iPad = "UIInterfaceOrientationPortrait UIInterfaceOrientationPortraitUpsideDown UIInterfaceOrientationLandscapeLeft UIInterfaceOrientationLandscapeRight";
				INFOPLIST_KEY_UISupportedInterfaceOrientations_iPhone = "UIInterfaceOrientationPortrait UIInterfaceOrientationLandscapeLeft UIInterfaceOrientationLandscapeRight";
				LD_RUNPATH_SEARCH_PATHS = (
					"$(inherited)",
					"@executable_path/Frameworks",
				);
				MARKETING_VERSION = 1.0;
				PRODUCT_BUNDLE_IDENTIFIER = "-0.Instagram";
				PRODUCT_NAME = "$(TARGET_NAME)";
				SWIFT_EMIT_LOC_STRINGS = YES;
				SWIFT_VERSION = 5.0;
				TARGETED_DEVICE_FAMILY = "1,2";
			};
			name = Debug;
		};
		E31886F72CB445C4002EBCD1 /* Release */ = {
			isa = XCBuildConfiguration;
			buildSettings = {
				ASSETCATALOG_COMPILER_APPICON_NAME = AppIcon;
				ASSETCATALOG_COMPILER_GLOBAL_ACCENT_COLOR_NAME = AccentColor;
				CODE_SIGN_STYLE = Automatic;
				CURRENT_PROJECT_VERSION = 1;
				DEVELOPMENT_TEAM = Z8QVL3H8TQ;
				GENERATE_INFOPLIST_FILE = YES;
				INFOPLIST_FILE = Instagram/Info.plist;
				INFOPLIST_KEY_UIApplicationSupportsIndirectInputEvents = YES;
				INFOPLIST_KEY_UILaunchStoryboardName = LaunchScreen;
				INFOPLIST_KEY_UISupportedInterfaceOrientations_iPad = "UIInterfaceOrientationPortrait UIInterfaceOrientationPortraitUpsideDown UIInterfaceOrientationLandscapeLeft UIInterfaceOrientationLandscapeRight";
				INFOPLIST_KEY_UISupportedInterfaceOrientations_iPhone = "UIInterfaceOrientationPortrait UIInterfaceOrientationLandscapeLeft UIInterfaceOrientationLandscapeRight";
				LD_RUNPATH_SEARCH_PATHS = (
					"$(inherited)",
					"@executable_path/Frameworks",
				);
				MARKETING_VERSION = 1.0;
				PRODUCT_BUNDLE_IDENTIFIER = "-0.Instagram";
				PRODUCT_NAME = "$(TARGET_NAME)";
				SWIFT_EMIT_LOC_STRINGS = YES;
				SWIFT_VERSION = 5.0;
				TARGETED_DEVICE_FAMILY = "1,2";
			};
			name = Release;
		};
/* End XCBuildConfiguration section */

/* Begin XCConfigurationList section */
		E31886D92CB445BC002EBCD1 /* Build configuration list for PBXProject "Instagram" */ = {
			isa = XCConfigurationList;
			buildConfigurations = (
				E31886F32CB445C4002EBCD1 /* Debug */,
				E31886F42CB445C4002EBCD1 /* Release */,
			);
			defaultConfigurationIsVisible = 0;
			defaultConfigurationName = Release;
		};
		E31886F52CB445C4002EBCD1 /* Build configuration list for PBXNativeTarget "Instagram" */ = {
			isa = XCConfigurationList;
			buildConfigurations = (
				E31886F62CB445C4002EBCD1 /* Debug */,
				E31886F72CB445C4002EBCD1 /* Release */,
			);
			defaultConfigurationIsVisible = 0;
			defaultConfigurationName = Release;
		};
/* End XCConfigurationList section */

/* Begin XCRemoteSwiftPackageReference section */
		E31887022CB449CA002EBCD1 /* XCRemoteSwiftPackageReference "firebase-ios-sdk" */ = {
			isa = XCRemoteSwiftPackageReference;
			repositoryURL = "https://github.com/firebase/firebase-ios-sdk";
			requirement = {
				kind = upToNextMajorVersion;
				minimumVersion = 11.3.0;
			};
		};
		E3C2B8422CB52C1200BE8B57 /* XCRemoteSwiftPackageReference "SnapKit" */ = {
			isa = XCRemoteSwiftPackageReference;
			repositoryURL = "https://github.com/SnapKit/SnapKit";
			requirement = {
				kind = upToNextMajorVersion;
				minimumVersion = 5.7.1;
			};
		};
/* End XCRemoteSwiftPackageReference section */

/* Begin XCSwiftPackageProductDependency section */
		E31887032CB449CB002EBCD1 /* FirebaseAnalytics */ = {
			isa = XCSwiftPackageProductDependency;
			package = E31887022CB449CA002EBCD1 /* XCRemoteSwiftPackageReference "firebase-ios-sdk" */;
			productName = FirebaseAnalytics;
		};
		E31887052CB449CB002EBCD1 /* FirebaseAnalyticsOnDeviceConversion */ = {
			isa = XCSwiftPackageProductDependency;
			package = E31887022CB449CA002EBCD1 /* XCRemoteSwiftPackageReference "firebase-ios-sdk" */;
			productName = FirebaseAnalyticsOnDeviceConversion;
		};
		E31887072CB449CB002EBCD1 /* FirebaseAnalyticsWithoutAdIdSupport */ = {
			isa = XCSwiftPackageProductDependency;
			package = E31887022CB449CA002EBCD1 /* XCRemoteSwiftPackageReference "firebase-ios-sdk" */;
			productName = FirebaseAnalyticsWithoutAdIdSupport;
		};
		E31887092CB449CB002EBCD1 /* FirebaseAppCheck */ = {
			isa = XCSwiftPackageProductDependency;
			package = E31887022CB449CA002EBCD1 /* XCRemoteSwiftPackageReference "firebase-ios-sdk" */;
			productName = FirebaseAppCheck;
		};
		E318870B2CB449CB002EBCD1 /* FirebaseAppDistribution-Beta */ = {
			isa = XCSwiftPackageProductDependency;
			package = E31887022CB449CA002EBCD1 /* XCRemoteSwiftPackageReference "firebase-ios-sdk" */;
			productName = "FirebaseAppDistribution-Beta";
		};
		E318870D2CB449CB002EBCD1 /* FirebaseAuth */ = {
			isa = XCSwiftPackageProductDependency;
			package = E31887022CB449CA002EBCD1 /* XCRemoteSwiftPackageReference "firebase-ios-sdk" */;
			productName = FirebaseAuth;
		};
		E318870F2CB449CB002EBCD1 /* FirebaseAuthCombine-Community */ = {
			isa = XCSwiftPackageProductDependency;
			package = E31887022CB449CA002EBCD1 /* XCRemoteSwiftPackageReference "firebase-ios-sdk" */;
			productName = "FirebaseAuthCombine-Community";
		};
		E31887112CB449CB002EBCD1 /* FirebaseCore */ = {
			isa = XCSwiftPackageProductDependency;
			package = E31887022CB449CA002EBCD1 /* XCRemoteSwiftPackageReference "firebase-ios-sdk" */;
			productName = FirebaseCore;
		};
		E31887132CB449CB002EBCD1 /* FirebaseCrashlytics */ = {
			isa = XCSwiftPackageProductDependency;
			package = E31887022CB449CA002EBCD1 /* XCRemoteSwiftPackageReference "firebase-ios-sdk" */;
			productName = FirebaseCrashlytics;
		};
		E31887152CB449CB002EBCD1 /* FirebaseDatabase */ = {
			isa = XCSwiftPackageProductDependency;
			package = E31887022CB449CA002EBCD1 /* XCRemoteSwiftPackageReference "firebase-ios-sdk" */;
			productName = FirebaseDatabase;
		};
		E31887172CB449CB002EBCD1 /* FirebaseDynamicLinks */ = {
			isa = XCSwiftPackageProductDependency;
			package = E31887022CB449CA002EBCD1 /* XCRemoteSwiftPackageReference "firebase-ios-sdk" */;
			productName = FirebaseDynamicLinks;
		};
		E31887192CB449CB002EBCD1 /* FirebaseFirestore */ = {
			isa = XCSwiftPackageProductDependency;
			package = E31887022CB449CA002EBCD1 /* XCRemoteSwiftPackageReference "firebase-ios-sdk" */;
			productName = FirebaseFirestore;
		};
		E318871B2CB449CB002EBCD1 /* FirebaseFirestoreCombine-Community */ = {
			isa = XCSwiftPackageProductDependency;
			package = E31887022CB449CA002EBCD1 /* XCRemoteSwiftPackageReference "firebase-ios-sdk" */;
			productName = "FirebaseFirestoreCombine-Community";
		};
		E318871D2CB449CB002EBCD1 /* FirebaseFunctions */ = {
			isa = XCSwiftPackageProductDependency;
			package = E31887022CB449CA002EBCD1 /* XCRemoteSwiftPackageReference "firebase-ios-sdk" */;
			productName = FirebaseFunctions;
		};
		E318871F2CB449CB002EBCD1 /* FirebaseFunctionsCombine-Community */ = {
			isa = XCSwiftPackageProductDependency;
			package = E31887022CB449CA002EBCD1 /* XCRemoteSwiftPackageReference "firebase-ios-sdk" */;
			productName = "FirebaseFunctionsCombine-Community";
		};
		E31887212CB449CB002EBCD1 /* FirebaseInAppMessaging-Beta */ = {
			isa = XCSwiftPackageProductDependency;
			package = E31887022CB449CA002EBCD1 /* XCRemoteSwiftPackageReference "firebase-ios-sdk" */;
			productName = "FirebaseInAppMessaging-Beta";
		};
		E31887232CB449CB002EBCD1 /* FirebaseInstallations */ = {
			isa = XCSwiftPackageProductDependency;
			package = E31887022CB449CA002EBCD1 /* XCRemoteSwiftPackageReference "firebase-ios-sdk" */;
			productName = FirebaseInstallations;
		};
		E31887252CB449CB002EBCD1 /* FirebaseMLModelDownloader */ = {
			isa = XCSwiftPackageProductDependency;
			package = E31887022CB449CA002EBCD1 /* XCRemoteSwiftPackageReference "firebase-ios-sdk" */;
			productName = FirebaseMLModelDownloader;
		};
		E31887272CB449CB002EBCD1 /* FirebaseMessaging */ = {
			isa = XCSwiftPackageProductDependency;
			package = E31887022CB449CA002EBCD1 /* XCRemoteSwiftPackageReference "firebase-ios-sdk" */;
			productName = FirebaseMessaging;
		};
		E31887292CB449CB002EBCD1 /* FirebasePerformance */ = {
			isa = XCSwiftPackageProductDependency;
			package = E31887022CB449CA002EBCD1 /* XCRemoteSwiftPackageReference "firebase-ios-sdk" */;
			productName = FirebasePerformance;
		};
		E318872B2CB449CB002EBCD1 /* FirebaseRemoteConfig */ = {
			isa = XCSwiftPackageProductDependency;
			package = E31887022CB449CA002EBCD1 /* XCRemoteSwiftPackageReference "firebase-ios-sdk" */;
			productName = FirebaseRemoteConfig;
		};
		E318872D2CB449CB002EBCD1 /* FirebaseStorage */ = {
			isa = XCSwiftPackageProductDependency;
			package = E31887022CB449CA002EBCD1 /* XCRemoteSwiftPackageReference "firebase-ios-sdk" */;
			productName = FirebaseStorage;
		};
		E318872F2CB449CB002EBCD1 /* FirebaseStorageCombine-Community */ = {
			isa = XCSwiftPackageProductDependency;
			package = E31887022CB449CA002EBCD1 /* XCRemoteSwiftPackageReference "firebase-ios-sdk" */;
			productName = "FirebaseStorageCombine-Community";
		};
		E31887312CB449CB002EBCD1 /* FirebaseVertexAI-Preview */ = {
			isa = XCSwiftPackageProductDependency;
			package = E31887022CB449CA002EBCD1 /* XCRemoteSwiftPackageReference "firebase-ios-sdk" */;
			productName = "FirebaseVertexAI-Preview";
		};
		E3C2B8432CB52C1300BE8B57 /* SnapKit */ = {
			isa = XCSwiftPackageProductDependency;
			package = E3C2B8422CB52C1200BE8B57 /* XCRemoteSwiftPackageReference "SnapKit" */;
			productName = SnapKit;
		};
		E3C2B8452CB52C1300BE8B57 /* SnapKit-Dynamic */ = {
			isa = XCSwiftPackageProductDependency;
			package = E3C2B8422CB52C1200BE8B57 /* XCRemoteSwiftPackageReference "SnapKit" */;
			productName = "SnapKit-Dynamic";
		};
/* End XCSwiftPackageProductDependency section */

/* Begin XCVersionGroup section */
		E31886EA2CB445BC002EBCD1 /* Instagram.xcdatamodeld */ = {
			isa = XCVersionGroup;
			children = (
				E31886EB2CB445BC002EBCD1 /* Instagram.xcdatamodel */,
			);
			currentVersion = E31886EB2CB445BC002EBCD1 /* Instagram.xcdatamodel */;
			path = Instagram.xcdatamodeld;
			sourceTree = "<group>";
			versionGroupType = wrapper.xcdatamodel;
		};
/* End XCVersionGroup section */
	};
	rootObject = E31886D62CB445BC002EBCD1 /* Project object */;
}
