// !$*UTF8*$!
{
	archiveVersion = 1;
	classes = {
	};
	objectVersion = 56;
	objects = {

/* Begin PBXBuildFile section */
		E33D2E772CB907AB00E10B10 /* ImagePickerUtility.swift in Sources */ = {isa = PBXBuildFile; fileRef = E33D2E762CB907AB00E10B10 /* ImagePickerUtility.swift */; };
		E33D2E7F2CB91FC200E10B10 /* HomeViewController.swift in Sources */ = {isa = PBXBuildFile; fileRef = E33D2E7E2CB91FC200E10B10 /* HomeViewController.swift */; };
		E33D2E812CB91FD100E10B10 /* SearchViewController.swift in Sources */ = {isa = PBXBuildFile; fileRef = E33D2E802CB91FD100E10B10 /* SearchViewController.swift */; };
		E33D2E832CB91FDB00E10B10 /* PlusViewController.swift in Sources */ = {isa = PBXBuildFile; fileRef = E33D2E822CB91FDB00E10B10 /* PlusViewController.swift */; };
		E33D2E852CB91FE500E10B10 /* VideoViewController.swift in Sources */ = {isa = PBXBuildFile; fileRef = E33D2E842CB91FE500E10B10 /* VideoViewController.swift */; };
		E33D2E872CB91FF300E10B10 /* ProfileViewController.swift in Sources */ = {isa = PBXBuildFile; fileRef = E33D2E862CB91FF300E10B10 /* ProfileViewController.swift */; };
		E36618DD2CBEA28A007CBD77 /* ProfileViewCell.swift in Sources */ = {isa = PBXBuildFile; fileRef = E36618DC2CBEA28A007CBD77 /* ProfileViewCell.swift */; };
		E36618DF2CBEA872007CBD77 /* PostFollowersViewCell.swift in Sources */ = {isa = PBXBuildFile; fileRef = E36618DE2CBEA872007CBD77 /* PostFollowersViewCell.swift */; };
		E36618E12CBEAC9C007CBD77 /* EditProfileViewCell.swift in Sources */ = {isa = PBXBuildFile; fileRef = E36618E02CBEAC9C007CBD77 /* EditProfileViewCell.swift */; };
		E36618E32CBEAED9007CBD77 /* BarViewCell.swift in Sources */ = {isa = PBXBuildFile; fileRef = E36618E22CBEAED9007CBD77 /* BarViewCell.swift */; };
		E3B3F9512CB84CED001933BC /* SignUpViewModel.swift in Sources */ = {isa = PBXBuildFile; fileRef = E3B3F9502CB84CED001933BC /* SignUpViewModel.swift */; };
		E3B3F9542CB85CB4001933BC /* MainViewController.swift in Sources */ = {isa = PBXBuildFile; fileRef = E3B3F9532CB85CB4001933BC /* MainViewController.swift */; };
		E3B3F9562CB85D70001933BC /* MainBottomButtonView.swift in Sources */ = {isa = PBXBuildFile; fileRef = E3B3F9552CB85D70001933BC /* MainBottomButtonView.swift */; };
		E3B3F9582CB8621C001933BC /* SignInViewModel.swift in Sources */ = {isa = PBXBuildFile; fileRef = E3B3F9572CB8621C001933BC /* SignInViewModel.swift */; };
		E3C7CD532CB6DC8100B19E3C /* AppDelegate.swift in Sources */ = {isa = PBXBuildFile; fileRef = E3C7CD522CB6DC8100B19E3C /* AppDelegate.swift */; };
		E3C7CD552CB6DC8100B19E3C /* SceneDelegate.swift in Sources */ = {isa = PBXBuildFile; fileRef = E3C7CD542CB6DC8100B19E3C /* SceneDelegate.swift */; };
		E3C7CD5D2CB6DC8100B19E3C /* Instagram.xcdatamodeld in Sources */ = {isa = PBXBuildFile; fileRef = E3C7CD5B2CB6DC8100B19E3C /* Instagram.xcdatamodeld */; };
		E3C7CD6A2CB6DCED00B19E3C /* LaunchViewController.swift in Sources */ = {isa = PBXBuildFile; fileRef = E3C7CD692CB6DCED00B19E3C /* LaunchViewController.swift */; };
		E3C7CD6C2CB6DD0700B19E3C /* LaunchView.swift in Sources */ = {isa = PBXBuildFile; fileRef = E3C7CD6B2CB6DD0700B19E3C /* LaunchView.swift */; };
		E3C7CD6F2CB6DD2E00B19E3C /* SnapKit in Frameworks */ = {isa = PBXBuildFile; productRef = E3C7CD6E2CB6DD2E00B19E3C /* SnapKit */; };
		E3C7CD742CB6DD7A00B19E3C /* FirebaseAnalytics in Frameworks */ = {isa = PBXBuildFile; productRef = E3C7CD732CB6DD7A00B19E3C /* FirebaseAnalytics */; };
		E3C7CD762CB6DD7A00B19E3C /* FirebaseAnalyticsOnDeviceConversion in Frameworks */ = {isa = PBXBuildFile; productRef = E3C7CD752CB6DD7A00B19E3C /* FirebaseAnalyticsOnDeviceConversion */; };
		E3C7CD782CB6DD7A00B19E3C /* FirebaseAnalyticsWithoutAdIdSupport in Frameworks */ = {isa = PBXBuildFile; productRef = E3C7CD772CB6DD7A00B19E3C /* FirebaseAnalyticsWithoutAdIdSupport */; };
		E3C7CD7A2CB6DD7A00B19E3C /* FirebaseAppCheck in Frameworks */ = {isa = PBXBuildFile; productRef = E3C7CD792CB6DD7A00B19E3C /* FirebaseAppCheck */; };
		E3C7CD7C2CB6DD7A00B19E3C /* FirebaseAppDistribution-Beta in Frameworks */ = {isa = PBXBuildFile; productRef = E3C7CD7B2CB6DD7A00B19E3C /* FirebaseAppDistribution-Beta */; };
		E3C7CD7E2CB6DDA600B19E3C /* SignUpViewController.swift in Sources */ = {isa = PBXBuildFile; fileRef = E3C7CD7D2CB6DDA600B19E3C /* SignUpViewController.swift */; };
		E3C7CD802CB6DE9A00B19E3C /* SignInViewController.swift in Sources */ = {isa = PBXBuildFile; fileRef = E3C7CD7F2CB6DE9A00B19E3C /* SignInViewController.swift */; };
		E3C7CD822CB6DFAF00B19E3C /* UIFont+Extantion.swift in Sources */ = {isa = PBXBuildFile; fileRef = E3C7CD812CB6DFAF00B19E3C /* UIFont+Extantion.swift */; };
		E3C7CD852CB6E08600B19E3C /* billabong_regular.otf in Resources */ = {isa = PBXBuildFile; fileRef = E3C7CD842CB6E08600B19E3C /* billabong_regular.otf */; };
		E3C7CD872CB6E08F00B19E3C /* billabong.ttf in Resources */ = {isa = PBXBuildFile; fileRef = E3C7CD862CB6E08F00B19E3C /* billabong.ttf */; };
		E3C7CD892CB6E09E00B19E3C /* KronaOne-Regular.ttf in Resources */ = {isa = PBXBuildFile; fileRef = E3C7CD882CB6E09E00B19E3C /* KronaOne-Regular.ttf */; };
		E3C7CD8C2CB6E14B00B19E3C /* Constraints.swift in Sources */ = {isa = PBXBuildFile; fileRef = E3C7CD8B2CB6E14B00B19E3C /* Constraints.swift */; };
		E3C7CD8F2CB6E17200B19E3C /* ThemManager.swift in Sources */ = {isa = PBXBuildFile; fileRef = E3C7CD8E2CB6E17200B19E3C /* ThemManager.swift */; };
		E3C7CD912CB6E17F00B19E3C /* FireBaseManager.swift in Sources */ = {isa = PBXBuildFile; fileRef = E3C7CD902CB6E17F00B19E3C /* FireBaseManager.swift */; };
		E3C7CD962CB6E31900B19E3C /* FirebaseAnalytics in Frameworks */ = {isa = PBXBuildFile; productRef = E3C7CD952CB6E31900B19E3C /* FirebaseAnalytics */; };
		E3C7CD982CB6E31900B19E3C /* FirebaseAnalyticsOnDeviceConversion in Frameworks */ = {isa = PBXBuildFile; productRef = E3C7CD972CB6E31900B19E3C /* FirebaseAnalyticsOnDeviceConversion */; };
		E3C7CD9A2CB6E31900B19E3C /* FirebaseAnalyticsWithoutAdIdSupport in Frameworks */ = {isa = PBXBuildFile; productRef = E3C7CD992CB6E31900B19E3C /* FirebaseAnalyticsWithoutAdIdSupport */; };
		E3C7CD9C2CB6E31900B19E3C /* FirebaseAppCheck in Frameworks */ = {isa = PBXBuildFile; productRef = E3C7CD9B2CB6E31900B19E3C /* FirebaseAppCheck */; };
		E3C7CD9E2CB6E31900B19E3C /* FirebaseAppDistribution-Beta in Frameworks */ = {isa = PBXBuildFile; productRef = E3C7CD9D2CB6E31900B19E3C /* FirebaseAppDistribution-Beta */; };
		E3C7CDA02CB6E31900B19E3C /* FirebaseAuth in Frameworks */ = {isa = PBXBuildFile; productRef = E3C7CD9F2CB6E31900B19E3C /* FirebaseAuth */; };
		E3C7CDA22CB6E31900B19E3C /* FirebaseAuthCombine-Community in Frameworks */ = {isa = PBXBuildFile; productRef = E3C7CDA12CB6E31900B19E3C /* FirebaseAuthCombine-Community */; };
		E3C7CDA42CB6E31900B19E3C /* FirebaseCore in Frameworks */ = {isa = PBXBuildFile; productRef = E3C7CDA32CB6E31900B19E3C /* FirebaseCore */; };
		E3C7CDA62CB6E31900B19E3C /* FirebaseCrashlytics in Frameworks */ = {isa = PBXBuildFile; productRef = E3C7CDA52CB6E31900B19E3C /* FirebaseCrashlytics */; };
		E3C7CDA82CB6E31900B19E3C /* FirebaseDatabase in Frameworks */ = {isa = PBXBuildFile; productRef = E3C7CDA72CB6E31900B19E3C /* FirebaseDatabase */; };
		E3C7CDAA2CB6E31900B19E3C /* FirebaseDynamicLinks in Frameworks */ = {isa = PBXBuildFile; productRef = E3C7CDA92CB6E31900B19E3C /* FirebaseDynamicLinks */; };
		E3C7CDAC2CB6E31900B19E3C /* FirebaseFirestore in Frameworks */ = {isa = PBXBuildFile; productRef = E3C7CDAB2CB6E31900B19E3C /* FirebaseFirestore */; };
		E3C7CDAE2CB6E31900B19E3C /* FirebaseFirestoreCombine-Community in Frameworks */ = {isa = PBXBuildFile; productRef = E3C7CDAD2CB6E31900B19E3C /* FirebaseFirestoreCombine-Community */; };
		E3C7CDB02CB6E31900B19E3C /* FirebaseFunctions in Frameworks */ = {isa = PBXBuildFile; productRef = E3C7CDAF2CB6E31900B19E3C /* FirebaseFunctions */; };
		E3C7CDB22CB6E31900B19E3C /* FirebaseFunctionsCombine-Community in Frameworks */ = {isa = PBXBuildFile; productRef = E3C7CDB12CB6E31900B19E3C /* FirebaseFunctionsCombine-Community */; };
		E3C7CDB42CB6E31900B19E3C /* FirebaseInAppMessaging-Beta in Frameworks */ = {isa = PBXBuildFile; productRef = E3C7CDB32CB6E31900B19E3C /* FirebaseInAppMessaging-Beta */; };
		E3C7CDB62CB6E31900B19E3C /* FirebaseInstallations in Frameworks */ = {isa = PBXBuildFile; productRef = E3C7CDB52CB6E31900B19E3C /* FirebaseInstallations */; };
		E3C7CDB82CB6E31900B19E3C /* FirebaseMLModelDownloader in Frameworks */ = {isa = PBXBuildFile; productRef = E3C7CDB72CB6E31900B19E3C /* FirebaseMLModelDownloader */; };
		E3C7CDBA2CB6E31900B19E3C /* FirebaseMessaging in Frameworks */ = {isa = PBXBuildFile; productRef = E3C7CDB92CB6E31900B19E3C /* FirebaseMessaging */; };
		E3C7CDBC2CB6E31900B19E3C /* FirebasePerformance in Frameworks */ = {isa = PBXBuildFile; productRef = E3C7CDBB2CB6E31900B19E3C /* FirebasePerformance */; };
		E3C7CDBE2CB6E31900B19E3C /* FirebaseRemoteConfig in Frameworks */ = {isa = PBXBuildFile; productRef = E3C7CDBD2CB6E31900B19E3C /* FirebaseRemoteConfig */; };
		E3C7CDC02CB6E31900B19E3C /* FirebaseStorage in Frameworks */ = {isa = PBXBuildFile; productRef = E3C7CDBF2CB6E31900B19E3C /* FirebaseStorage */; };
		E3C7CDC22CB6E31900B19E3C /* FirebaseStorageCombine-Community in Frameworks */ = {isa = PBXBuildFile; productRef = E3C7CDC12CB6E31900B19E3C /* FirebaseStorageCombine-Community */; };
		E3C7CDC42CB6E31900B19E3C /* FirebaseVertexAI-Preview in Frameworks */ = {isa = PBXBuildFile; productRef = E3C7CDC32CB6E31900B19E3C /* FirebaseVertexAI-Preview */; };
		E3C7CDC72CB6E35500B19E3C /* MyTextFiledView.swift in Sources */ = {isa = PBXBuildFile; fileRef = E3C7CDC62CB6E35500B19E3C /* MyTextFiledView.swift */; };
		E3C7CDC92CB6E35F00B19E3C /* MyLabel.swift in Sources */ = {isa = PBXBuildFile; fileRef = E3C7CDC82CB6E35F00B19E3C /* MyLabel.swift */; };
		E3C7CDCD2CB6E96F00B19E3C /* GoogleService-Info.plist in Resources */ = {isa = PBXBuildFile; fileRef = E3C7CDCC2CB6E96F00B19E3C /* GoogleService-Info.plist */; };
		E3C7CDD02CB6EC6800B19E3C /* Assets.xcassets in Resources */ = {isa = PBXBuildFile; fileRef = E3C7CDCF2CB6EC6800B19E3C /* Assets.xcassets */; };
		E3C7CDD42CB6EDB000B19E3C /* User.swift in Sources */ = {isa = PBXBuildFile; fileRef = E3C7CDD32CB6EDB000B19E3C /* User.swift */; };
		E3DC37A32CBD0A63000633A4 /* ProfileData.swift in Sources */ = {isa = PBXBuildFile; fileRef = E3DC37A22CBD0A63000633A4 /* ProfileData.swift */; };
/* End PBXBuildFile section */

/* Begin PBXCopyFilesBuildPhase section */
		E3C7CDCB2CB6E74500B19E3C /* Embed Frameworks */ = {
			isa = PBXCopyFilesBuildPhase;
			buildActionMask = 2147483647;
			dstPath = "";
			dstSubfolderSpec = 10;
			files = (
			);
			name = "Embed Frameworks";
			runOnlyForDeploymentPostprocessing = 0;
		};
/* End PBXCopyFilesBuildPhase section */

/* Begin PBXFileReference section */
		E33D2E762CB907AB00E10B10 /* ImagePickerUtility.swift */ = {isa = PBXFileReference; lastKnownFileType = sourcecode.swift; path = ImagePickerUtility.swift; sourceTree = "<group>"; };
		E33D2E7E2CB91FC200E10B10 /* HomeViewController.swift */ = {isa = PBXFileReference; lastKnownFileType = sourcecode.swift; path = HomeViewController.swift; sourceTree = "<group>"; };
		E33D2E802CB91FD100E10B10 /* SearchViewController.swift */ = {isa = PBXFileReference; lastKnownFileType = sourcecode.swift; path = SearchViewController.swift; sourceTree = "<group>"; };
		E33D2E822CB91FDB00E10B10 /* PlusViewController.swift */ = {isa = PBXFileReference; lastKnownFileType = sourcecode.swift; path = PlusViewController.swift; sourceTree = "<group>"; };
		E33D2E842CB91FE500E10B10 /* VideoViewController.swift */ = {isa = PBXFileReference; lastKnownFileType = sourcecode.swift; path = VideoViewController.swift; sourceTree = "<group>"; };
		E33D2E862CB91FF300E10B10 /* ProfileViewController.swift */ = {isa = PBXFileReference; lastKnownFileType = sourcecode.swift; path = ProfileViewController.swift; sourceTree = "<group>"; };
		E36618DC2CBEA28A007CBD77 /* ProfileViewCell.swift */ = {isa = PBXFileReference; lastKnownFileType = sourcecode.swift; path = ProfileViewCell.swift; sourceTree = "<group>"; };
		E36618DE2CBEA872007CBD77 /* PostFollowersViewCell.swift */ = {isa = PBXFileReference; lastKnownFileType = sourcecode.swift; path = PostFollowersViewCell.swift; sourceTree = "<group>"; };
		E36618E02CBEAC9C007CBD77 /* EditProfileViewCell.swift */ = {isa = PBXFileReference; lastKnownFileType = sourcecode.swift; path = EditProfileViewCell.swift; sourceTree = "<group>"; };
		E36618E22CBEAED9007CBD77 /* BarViewCell.swift */ = {isa = PBXFileReference; lastKnownFileType = sourcecode.swift; path = BarViewCell.swift; sourceTree = "<group>"; };
		E3B3F9502CB84CED001933BC /* SignUpViewModel.swift */ = {isa = PBXFileReference; lastKnownFileType = sourcecode.swift; path = SignUpViewModel.swift; sourceTree = "<group>"; };
		E3B3F9532CB85CB4001933BC /* MainViewController.swift */ = {isa = PBXFileReference; lastKnownFileType = sourcecode.swift; path = MainViewController.swift; sourceTree = "<group>"; };
		E3B3F9552CB85D70001933BC /* MainBottomButtonView.swift */ = {isa = PBXFileReference; lastKnownFileType = sourcecode.swift; path = MainBottomButtonView.swift; sourceTree = "<group>"; };
		E3B3F9572CB8621C001933BC /* SignInViewModel.swift */ = {isa = PBXFileReference; lastKnownFileType = sourcecode.swift; path = SignInViewModel.swift; sourceTree = "<group>"; };
		E3C7CD4F2CB6DC8100B19E3C /* Instagram.app */ = {isa = PBXFileReference; explicitFileType = wrapper.application; includeInIndex = 0; path = Instagram.app; sourceTree = BUILT_PRODUCTS_DIR; };
		E3C7CD522CB6DC8100B19E3C /* AppDelegate.swift */ = {isa = PBXFileReference; lastKnownFileType = sourcecode.swift; path = AppDelegate.swift; sourceTree = "<group>"; };
		E3C7CD542CB6DC8100B19E3C /* SceneDelegate.swift */ = {isa = PBXFileReference; lastKnownFileType = sourcecode.swift; path = SceneDelegate.swift; sourceTree = "<group>"; };
		E3C7CD5C2CB6DC8100B19E3C /* Instagram.xcdatamodel */ = {isa = PBXFileReference; lastKnownFileType = wrapper.xcdatamodel; path = Instagram.xcdatamodel; sourceTree = "<group>"; };
		E3C7CD632CB6DC8500B19E3C /* Info.plist */ = {isa = PBXFileReference; lastKnownFileType = text.plist.xml; path = Info.plist; sourceTree = "<group>"; };
		E3C7CD692CB6DCED00B19E3C /* LaunchViewController.swift */ = {isa = PBXFileReference; lastKnownFileType = sourcecode.swift; path = LaunchViewController.swift; sourceTree = "<group>"; };
		E3C7CD6B2CB6DD0700B19E3C /* LaunchView.swift */ = {isa = PBXFileReference; lastKnownFileType = sourcecode.swift; path = LaunchView.swift; sourceTree = "<group>"; };
		E3C7CD7D2CB6DDA600B19E3C /* SignUpViewController.swift */ = {isa = PBXFileReference; lastKnownFileType = sourcecode.swift; path = SignUpViewController.swift; sourceTree = "<group>"; };
		E3C7CD7F2CB6DE9A00B19E3C /* SignInViewController.swift */ = {isa = PBXFileReference; lastKnownFileType = sourcecode.swift; path = SignInViewController.swift; sourceTree = "<group>"; };
		E3C7CD812CB6DFAF00B19E3C /* UIFont+Extantion.swift */ = {isa = PBXFileReference; lastKnownFileType = sourcecode.swift; path = "UIFont+Extantion.swift"; sourceTree = "<group>"; };
		E3C7CD842CB6E08600B19E3C /* billabong_regular.otf */ = {isa = PBXFileReference; lastKnownFileType = file; path = billabong_regular.otf; sourceTree = "<group>"; };
		E3C7CD862CB6E08F00B19E3C /* billabong.ttf */ = {isa = PBXFileReference; lastKnownFileType = file; path = billabong.ttf; sourceTree = "<group>"; };
		E3C7CD882CB6E09E00B19E3C /* KronaOne-Regular.ttf */ = {isa = PBXFileReference; lastKnownFileType = file; path = "KronaOne-Regular.ttf"; sourceTree = "<group>"; };
		E3C7CD8B2CB6E14B00B19E3C /* Constraints.swift */ = {isa = PBXFileReference; lastKnownFileType = sourcecode.swift; path = Constraints.swift; sourceTree = "<group>"; };
		E3C7CD8E2CB6E17200B19E3C /* ThemManager.swift */ = {isa = PBXFileReference; lastKnownFileType = sourcecode.swift; path = ThemManager.swift; sourceTree = "<group>"; };
		E3C7CD902CB6E17F00B19E3C /* FireBaseManager.swift */ = {isa = PBXFileReference; lastKnownFileType = sourcecode.swift; path = FireBaseManager.swift; sourceTree = "<group>"; };
		E3C7CDC62CB6E35500B19E3C /* MyTextFiledView.swift */ = {isa = PBXFileReference; lastKnownFileType = sourcecode.swift; path = MyTextFiledView.swift; sourceTree = "<group>"; };
		E3C7CDC82CB6E35F00B19E3C /* MyLabel.swift */ = {isa = PBXFileReference; lastKnownFileType = sourcecode.swift; path = MyLabel.swift; sourceTree = "<group>"; };
		E3C7CDCC2CB6E96F00B19E3C /* GoogleService-Info.plist */ = {isa = PBXFileReference; fileEncoding = 4; lastKnownFileType = text.plist.xml; path = "GoogleService-Info.plist"; sourceTree = "<group>"; };
		E3C7CDCF2CB6EC6800B19E3C /* Assets.xcassets */ = {isa = PBXFileReference; lastKnownFileType = folder.assetcatalog; path = Assets.xcassets; sourceTree = "<group>"; };
		E3C7CDD32CB6EDB000B19E3C /* User.swift */ = {isa = PBXFileReference; lastKnownFileType = sourcecode.swift; path = User.swift; sourceTree = "<group>"; };
		E3DC37A22CBD0A63000633A4 /* ProfileData.swift */ = {isa = PBXFileReference; lastKnownFileType = sourcecode.swift; path = ProfileData.swift; sourceTree = "<group>"; };
/* End PBXFileReference section */

/* Begin PBXFrameworksBuildPhase section */
		E3C7CD4C2CB6DC8100B19E3C /* Frameworks */ = {
			isa = PBXFrameworksBuildPhase;
			buildActionMask = 2147483647;
			files = (
				E3C7CD7C2CB6DD7A00B19E3C /* FirebaseAppDistribution-Beta in Frameworks */,
				E3C7CDA42CB6E31900B19E3C /* FirebaseCore in Frameworks */,
				E3C7CDBC2CB6E31900B19E3C /* FirebasePerformance in Frameworks */,
				E3C7CDBE2CB6E31900B19E3C /* FirebaseRemoteConfig in Frameworks */,
				E3C7CD9A2CB6E31900B19E3C /* FirebaseAnalyticsWithoutAdIdSupport in Frameworks */,
				E3C7CDB62CB6E31900B19E3C /* FirebaseInstallations in Frameworks */,
				E3C7CD6F2CB6DD2E00B19E3C /* SnapKit in Frameworks */,
				E3C7CDAC2CB6E31900B19E3C /* FirebaseFirestore in Frameworks */,
				E3C7CD962CB6E31900B19E3C /* FirebaseAnalytics in Frameworks */,
				E3C7CDB82CB6E31900B19E3C /* FirebaseMLModelDownloader in Frameworks */,
				E3C7CDBA2CB6E31900B19E3C /* FirebaseMessaging in Frameworks */,
				E3C7CDC02CB6E31900B19E3C /* FirebaseStorage in Frameworks */,
				E3C7CDAA2CB6E31900B19E3C /* FirebaseDynamicLinks in Frameworks */,
				E3C7CD782CB6DD7A00B19E3C /* FirebaseAnalyticsWithoutAdIdSupport in Frameworks */,
				E3C7CDC42CB6E31900B19E3C /* FirebaseVertexAI-Preview in Frameworks */,
				E3C7CDA22CB6E31900B19E3C /* FirebaseAuthCombine-Community in Frameworks */,
				E3C7CDB22CB6E31900B19E3C /* FirebaseFunctionsCombine-Community in Frameworks */,
				E3C7CDB42CB6E31900B19E3C /* FirebaseInAppMessaging-Beta in Frameworks */,
				E3C7CDA82CB6E31900B19E3C /* FirebaseDatabase in Frameworks */,
				E3C7CD982CB6E31900B19E3C /* FirebaseAnalyticsOnDeviceConversion in Frameworks */,
				E3C7CD742CB6DD7A00B19E3C /* FirebaseAnalytics in Frameworks */,
				E3C7CDAE2CB6E31900B19E3C /* FirebaseFirestoreCombine-Community in Frameworks */,
				E3C7CDC22CB6E31900B19E3C /* FirebaseStorageCombine-Community in Frameworks */,
				E3C7CD7A2CB6DD7A00B19E3C /* FirebaseAppCheck in Frameworks */,
				E3C7CDB02CB6E31900B19E3C /* FirebaseFunctions in Frameworks */,
				E3C7CD762CB6DD7A00B19E3C /* FirebaseAnalyticsOnDeviceConversion in Frameworks */,
				E3C7CDA02CB6E31900B19E3C /* FirebaseAuth in Frameworks */,
				E3C7CDA62CB6E31900B19E3C /* FirebaseCrashlytics in Frameworks */,
				E3C7CD9C2CB6E31900B19E3C /* FirebaseAppCheck in Frameworks */,
				E3C7CD9E2CB6E31900B19E3C /* FirebaseAppDistribution-Beta in Frameworks */,
			);
			runOnlyForDeploymentPostprocessing = 0;
		};
/* End PBXFrameworksBuildPhase section */

/* Begin PBXGroup section */
		E33D2E752CB9077700E10B10 /* Utils */ = {
			isa = PBXGroup;
			children = (
				E33D2E762CB907AB00E10B10 /* ImagePickerUtility.swift */,
			);
			path = Utils;
			sourceTree = "<group>";
		};
		E33D2E782CB91EFC00E10B10 /* Home */ = {
			isa = PBXGroup;
			children = (
				E33D2E7E2CB91FC200E10B10 /* HomeViewController.swift */,
			);
			path = Home;
			sourceTree = "<group>";
		};
		E33D2E792CB91F1500E10B10 /* Search */ = {
			isa = PBXGroup;
			children = (
				E33D2E802CB91FD100E10B10 /* SearchViewController.swift */,
			);
			path = Search;
			sourceTree = "<group>";
		};
		E33D2E7A2CB91F2800E10B10 /* Plus */ = {
			isa = PBXGroup;
			children = (
				E33D2E822CB91FDB00E10B10 /* PlusViewController.swift */,
			);
			path = Plus;
			sourceTree = "<group>";
		};
		E33D2E7B2CB91F4700E10B10 /* Main */ = {
			isa = PBXGroup;
			children = (
				E3B3F9532CB85CB4001933BC /* MainViewController.swift */,
				E3B3F9552CB85D70001933BC /* MainBottomButtonView.swift */,
			);
			path = Main;
			sourceTree = "<group>";
		};
		E33D2E7C2CB91F5700E10B10 /* Video */ = {
			isa = PBXGroup;
			children = (
				E33D2E842CB91FE500E10B10 /* VideoViewController.swift */,
			);
			path = Video;
			sourceTree = "<group>";
		};
		E33D2E7D2CB91F6B00E10B10 /* Profile */ = {
			isa = PBXGroup;
			children = (
				E33D2E862CB91FF300E10B10 /* ProfileViewController.swift */,
				E36618DC2CBEA28A007CBD77 /* ProfileViewCell.swift */,
				E36618DE2CBEA872007CBD77 /* PostFollowersViewCell.swift */,
				E36618E02CBEAC9C007CBD77 /* EditProfileViewCell.swift */,
				E36618E22CBEAED9007CBD77 /* BarViewCell.swift */,
			);
			path = Profile;
			sourceTree = "<group>";
		};
		E3B3F9522CB85C88001933BC /* MainView */ = {
			isa = PBXGroup;
			children = (
				E33D2E7B2CB91F4700E10B10 /* Main */,
				E33D2E782CB91EFC00E10B10 /* Home */,
				E33D2E792CB91F1500E10B10 /* Search */,
				E33D2E7A2CB91F2800E10B10 /* Plus */,
				E33D2E7C2CB91F5700E10B10 /* Video */,
				E33D2E7D2CB91F6B00E10B10 /* Profile */,
			);
			path = MainView;
			sourceTree = "<group>";
		};
		E3C7CD462CB6DC8100B19E3C = {
			isa = PBXGroup;
			children = (
				E3C7CD512CB6DC8100B19E3C /* Instagram */,
				E3C7CD502CB6DC8100B19E3C /* Products */,
			);
			sourceTree = "<group>";
		};
		E3C7CD502CB6DC8100B19E3C /* Products */ = {
			isa = PBXGroup;
			children = (
				E3C7CD4F2CB6DC8100B19E3C /* Instagram.app */,
			);
			name = Products;
			sourceTree = "<group>";
		};
		E3C7CD512CB6DC8100B19E3C /* Instagram */ = {
			isa = PBXGroup;
			children = (
				E3C7CD922CB6E1CC00B19E3C /* App */,
				E3C7CDC52CB6E34400B19E3C /* Components */,
				E3C7CD932CB6E1FF00B19E3C /* Scenas */,
				E3C7CD8D2CB6E16100B19E3C /* Managers */,
				E3C7CDD22CB6ED9E00B19E3C /* Models */,
				E3C7CD8A2CB6E13B00B19E3C /* Constraints */,
				E3C7CDD12CB6ED8A00B19E3C /* Extanttion */,
				E33D2E752CB9077700E10B10 /* Utils */,
				E3C7CD832CB6E06600B19E3C /* Fonts */,
				E3C7CDCF2CB6EC6800B19E3C /* Assets.xcassets */,
				E3C7CD632CB6DC8500B19E3C /* Info.plist */,
				E3C7CD5B2CB6DC8100B19E3C /* Instagram.xcdatamodeld */,
				E3C7CDCC2CB6E96F00B19E3C /* GoogleService-Info.plist */,
			);
			path = Instagram;
			sourceTree = "<group>";
		};
		E3C7CD832CB6E06600B19E3C /* Fonts */ = {
			isa = PBXGroup;
			children = (
				E3C7CD842CB6E08600B19E3C /* billabong_regular.otf */,
				E3C7CD882CB6E09E00B19E3C /* KronaOne-Regular.ttf */,
				E3C7CD862CB6E08F00B19E3C /* billabong.ttf */,
			);
			path = Fonts;
			sourceTree = "<group>";
		};
		E3C7CD8A2CB6E13B00B19E3C /* Constraints */ = {
			isa = PBXGroup;
			children = (
				E3C7CD8B2CB6E14B00B19E3C /* Constraints.swift */,
			);
			path = Constraints;
			sourceTree = "<group>";
		};
		E3C7CD8D2CB6E16100B19E3C /* Managers */ = {
			isa = PBXGroup;
			children = (
				E3C7CD8E2CB6E17200B19E3C /* ThemManager.swift */,
				E3C7CD902CB6E17F00B19E3C /* FireBaseManager.swift */,
			);
			path = Managers;
			sourceTree = "<group>";
		};
		E3C7CD922CB6E1CC00B19E3C /* App */ = {
			isa = PBXGroup;
			children = (
				E3C7CD522CB6DC8100B19E3C /* AppDelegate.swift */,
				E3C7CD542CB6DC8100B19E3C /* SceneDelegate.swift */,
			);
			path = App;
			sourceTree = "<group>";
		};
		E3C7CD932CB6E1FF00B19E3C /* Scenas */ = {
			isa = PBXGroup;
			children = (
				E3C7CD942CB6E21800B19E3C /* Launch */,
				E3C7CDD52CB6EE7E00B19E3C /* SignUp */,
				E3C7CDD62CB6EE9700B19E3C /* SignIn */,
				E3B3F9522CB85C88001933BC /* MainView */,
			);
			path = Scenas;
			sourceTree = "<group>";
		};
		E3C7CD942CB6E21800B19E3C /* Launch */ = {
			isa = PBXGroup;
			children = (
				E3C7CD692CB6DCED00B19E3C /* LaunchViewController.swift */,
				E3C7CD6B2CB6DD0700B19E3C /* LaunchView.swift */,
			);
			path = Launch;
			sourceTree = "<group>";
		};
		E3C7CDC52CB6E34400B19E3C /* Components */ = {
			isa = PBXGroup;
			children = (
				E3C7CDC62CB6E35500B19E3C /* MyTextFiledView.swift */,
				E3C7CDC82CB6E35F00B19E3C /* MyLabel.swift */,
			);
			path = Components;
			sourceTree = "<group>";
		};
		E3C7CDD12CB6ED8A00B19E3C /* Extanttion */ = {
			isa = PBXGroup;
			children = (
				E3C7CD812CB6DFAF00B19E3C /* UIFont+Extantion.swift */,
			);
			path = Extanttion;
			sourceTree = "<group>";
		};
		E3C7CDD22CB6ED9E00B19E3C /* Models */ = {
			isa = PBXGroup;
			children = (
				E3C7CDD32CB6EDB000B19E3C /* User.swift */,
				E3DC37A22CBD0A63000633A4 /* ProfileData.swift */,
			);
			path = Models;
			sourceTree = "<group>";
		};
		E3C7CDD52CB6EE7E00B19E3C /* SignUp */ = {
			isa = PBXGroup;
			children = (
				E3C7CD7D2CB6DDA600B19E3C /* SignUpViewController.swift */,
				E3B3F9502CB84CED001933BC /* SignUpViewModel.swift */,
			);
			path = SignUp;
			sourceTree = "<group>";
		};
		E3C7CDD62CB6EE9700B19E3C /* SignIn */ = {
			isa = PBXGroup;
			children = (
				E3C7CD7F2CB6DE9A00B19E3C /* SignInViewController.swift */,
				E3B3F9572CB8621C001933BC /* SignInViewModel.swift */,
			);
			path = SignIn;
			sourceTree = "<group>";
		};
/* End PBXGroup section */

/* Begin PBXNativeTarget section */
		E3C7CD4E2CB6DC8100B19E3C /* Instagram */ = {
			isa = PBXNativeTarget;
			buildConfigurationList = E3C7CD662CB6DC8500B19E3C /* Build configuration list for PBXNativeTarget "Instagram" */;
			buildPhases = (
				E3C7CD4B2CB6DC8100B19E3C /* Sources */,
				E3C7CD4C2CB6DC8100B19E3C /* Frameworks */,
				E3C7CD4D2CB6DC8100B19E3C /* Resources */,
				E3C7CDCB2CB6E74500B19E3C /* Embed Frameworks */,
			);
			buildRules = (
			);
			dependencies = (
			);
			name = Instagram;
			packageProductDependencies = (
				E3C7CD6E2CB6DD2E00B19E3C /* SnapKit */,
				E3C7CD732CB6DD7A00B19E3C /* FirebaseAnalytics */,
				E3C7CD752CB6DD7A00B19E3C /* FirebaseAnalyticsOnDeviceConversion */,
				E3C7CD772CB6DD7A00B19E3C /* FirebaseAnalyticsWithoutAdIdSupport */,
				E3C7CD792CB6DD7A00B19E3C /* FirebaseAppCheck */,
				E3C7CD7B2CB6DD7A00B19E3C /* FirebaseAppDistribution-Beta */,
				E3C7CD952CB6E31900B19E3C /* FirebaseAnalytics */,
				E3C7CD972CB6E31900B19E3C /* FirebaseAnalyticsOnDeviceConversion */,
				E3C7CD992CB6E31900B19E3C /* FirebaseAnalyticsWithoutAdIdSupport */,
				E3C7CD9B2CB6E31900B19E3C /* FirebaseAppCheck */,
				E3C7CD9D2CB6E31900B19E3C /* FirebaseAppDistribution-Beta */,
				E3C7CD9F2CB6E31900B19E3C /* FirebaseAuth */,
				E3C7CDA12CB6E31900B19E3C /* FirebaseAuthCombine-Community */,
				E3C7CDA32CB6E31900B19E3C /* FirebaseCore */,
				E3C7CDA52CB6E31900B19E3C /* FirebaseCrashlytics */,
				E3C7CDA72CB6E31900B19E3C /* FirebaseDatabase */,
				E3C7CDA92CB6E31900B19E3C /* FirebaseDynamicLinks */,
				E3C7CDAB2CB6E31900B19E3C /* FirebaseFirestore */,
				E3C7CDAD2CB6E31900B19E3C /* FirebaseFirestoreCombine-Community */,
				E3C7CDAF2CB6E31900B19E3C /* FirebaseFunctions */,
				E3C7CDB12CB6E31900B19E3C /* FirebaseFunctionsCombine-Community */,
				E3C7CDB32CB6E31900B19E3C /* FirebaseInAppMessaging-Beta */,
				E3C7CDB52CB6E31900B19E3C /* FirebaseInstallations */,
				E3C7CDB72CB6E31900B19E3C /* FirebaseMLModelDownloader */,
				E3C7CDB92CB6E31900B19E3C /* FirebaseMessaging */,
				E3C7CDBB2CB6E31900B19E3C /* FirebasePerformance */,
				E3C7CDBD2CB6E31900B19E3C /* FirebaseRemoteConfig */,
				E3C7CDBF2CB6E31900B19E3C /* FirebaseStorage */,
				E3C7CDC12CB6E31900B19E3C /* FirebaseStorageCombine-Community */,
				E3C7CDC32CB6E31900B19E3C /* FirebaseVertexAI-Preview */,
			);
			productName = Instagram;
			productReference = E3C7CD4F2CB6DC8100B19E3C /* Instagram.app */;
			productType = "com.apple.product-type.application";
		};
/* End PBXNativeTarget section */

/* Begin PBXProject section */
		E3C7CD472CB6DC8100B19E3C /* Project object */ = {
			isa = PBXProject;
			attributes = {
				BuildIndependentTargetsInParallel = 1;
				LastSwiftUpdateCheck = 1520;
				LastUpgradeCheck = 1520;
				TargetAttributes = {
					E3C7CD4E2CB6DC8100B19E3C = {
						CreatedOnToolsVersion = 15.2;
					};
				};
			};
			buildConfigurationList = E3C7CD4A2CB6DC8100B19E3C /* Build configuration list for PBXProject "Instagram" */;
			compatibilityVersion = "Xcode 14.0";
			developmentRegion = en;
			hasScannedForEncodings = 0;
			knownRegions = (
				en,
				Base,
			);
			mainGroup = E3C7CD462CB6DC8100B19E3C;
			packageReferences = (
				E3C7CD6D2CB6DD2E00B19E3C /* XCRemoteSwiftPackageReference "SnapKit" */,
				E3C7CD722CB6DD7A00B19E3C /* XCRemoteSwiftPackageReference "firebase-ios-sdk" */,
			);
			productRefGroup = E3C7CD502CB6DC8100B19E3C /* Products */;
			projectDirPath = "";
			projectRoot = "";
			targets = (
				E3C7CD4E2CB6DC8100B19E3C /* Instagram */,
			);
		};
/* End PBXProject section */

/* Begin PBXResourcesBuildPhase section */
		E3C7CD4D2CB6DC8100B19E3C /* Resources */ = {
			isa = PBXResourcesBuildPhase;
			buildActionMask = 2147483647;
			files = (
				E3C7CD892CB6E09E00B19E3C /* KronaOne-Regular.ttf in Resources */,
				E3C7CDCD2CB6E96F00B19E3C /* GoogleService-Info.plist in Resources */,
				E3C7CD852CB6E08600B19E3C /* billabong_regular.otf in Resources */,
				E3C7CDD02CB6EC6800B19E3C /* Assets.xcassets in Resources */,
				E3C7CD872CB6E08F00B19E3C /* billabong.ttf in Resources */,
			);
			runOnlyForDeploymentPostprocessing = 0;
		};
/* End PBXResourcesBuildPhase section */

/* Begin PBXSourcesBuildPhase section */
		E3C7CD4B2CB6DC8100B19E3C /* Sources */ = {
			isa = PBXSourcesBuildPhase;
			buildActionMask = 2147483647;
			files = (
				E3C7CD7E2CB6DDA600B19E3C /* SignUpViewController.swift in Sources */,
				E3B3F9562CB85D70001933BC /* MainBottomButtonView.swift in Sources */,
				E3C7CD5D2CB6DC8100B19E3C /* Instagram.xcdatamodeld in Sources */,
				E33D2E772CB907AB00E10B10 /* ImagePickerUtility.swift in Sources */,
				E3C7CDC72CB6E35500B19E3C /* MyTextFiledView.swift in Sources */,
				E3C7CD8C2CB6E14B00B19E3C /* Constraints.swift in Sources */,
				E33D2E872CB91FF300E10B10 /* ProfileViewController.swift in Sources */,
				E3C7CD6C2CB6DD0700B19E3C /* LaunchView.swift in Sources */,
				E3C7CD802CB6DE9A00B19E3C /* SignInViewController.swift in Sources */,
				E36618E12CBEAC9C007CBD77 /* EditProfileViewCell.swift in Sources */,
				E3DC37A32CBD0A63000633A4 /* ProfileData.swift in Sources */,
				E3C7CDD42CB6EDB000B19E3C /* User.swift in Sources */,
				E3B3F9542CB85CB4001933BC /* MainViewController.swift in Sources */,
				E36618DF2CBEA872007CBD77 /* PostFollowersViewCell.swift in Sources */,
				E3B3F9512CB84CED001933BC /* SignUpViewModel.swift in Sources */,
				E36618E32CBEAED9007CBD77 /* BarViewCell.swift in Sources */,
				E3C7CD6A2CB6DCED00B19E3C /* LaunchViewController.swift in Sources */,
				E3C7CD8F2CB6E17200B19E3C /* ThemManager.swift in Sources */,
				E3C7CD912CB6E17F00B19E3C /* FireBaseManager.swift in Sources */,
				E33D2E832CB91FDB00E10B10 /* PlusViewController.swift in Sources */,
				E3C7CD532CB6DC8100B19E3C /* AppDelegate.swift in Sources */,
				E33D2E812CB91FD100E10B10 /* SearchViewController.swift in Sources */,
				E33D2E7F2CB91FC200E10B10 /* HomeViewController.swift in Sources */,
				E33D2E852CB91FE500E10B10 /* VideoViewController.swift in Sources */,
				E3B3F9582CB8621C001933BC /* SignInViewModel.swift in Sources */,
				E36618DD2CBEA28A007CBD77 /* ProfileViewCell.swift in Sources */,
				E3C7CD822CB6DFAF00B19E3C /* UIFont+Extantion.swift in Sources */,
				E3C7CDC92CB6E35F00B19E3C /* MyLabel.swift in Sources */,
				E3C7CD552CB6DC8100B19E3C /* SceneDelegate.swift in Sources */,
			);
			runOnlyForDeploymentPostprocessing = 0;
		};
/* End PBXSourcesBuildPhase section */

/* Begin XCBuildConfiguration section */
		E3C7CD642CB6DC8500B19E3C /* Debug */ = {
			isa = XCBuildConfiguration;
			buildSettings = {
				ALWAYS_SEARCH_USER_PATHS = NO;
				ASSETCATALOG_COMPILER_GENERATE_SWIFT_ASSET_SYMBOL_EXTENSIONS = YES;
				CLANG_ANALYZER_NONNULL = YES;
				CLANG_ANALYZER_NUMBER_OBJECT_CONVERSION = YES_AGGRESSIVE;
				CLANG_CXX_LANGUAGE_STANDARD = "gnu++20";
				CLANG_ENABLE_MODULES = YES;
				CLANG_ENABLE_OBJC_ARC = YES;
				CLANG_ENABLE_OBJC_WEAK = YES;
				CLANG_WARN_BLOCK_CAPTURE_AUTORELEASING = YES;
				CLANG_WARN_BOOL_CONVERSION = YES;
				CLANG_WARN_COMMA = YES;
				CLANG_WARN_CONSTANT_CONVERSION = YES;
				CLANG_WARN_DEPRECATED_OBJC_IMPLEMENTATIONS = YES;
				CLANG_WARN_DIRECT_OBJC_ISA_USAGE = YES_ERROR;
				CLANG_WARN_DOCUMENTATION_COMMENTS = YES;
				CLANG_WARN_EMPTY_BODY = YES;
				CLANG_WARN_ENUM_CONVERSION = YES;
				CLANG_WARN_INFINITE_RECURSION = YES;
				CLANG_WARN_INT_CONVERSION = YES;
				CLANG_WARN_NON_LITERAL_NULL_CONVERSION = YES;
				CLANG_WARN_OBJC_IMPLICIT_RETAIN_SELF = YES;
				CLANG_WARN_OBJC_LITERAL_CONVERSION = YES;
				CLANG_WARN_OBJC_ROOT_CLASS = YES_ERROR;
				CLANG_WARN_QUOTED_INCLUDE_IN_FRAMEWORK_HEADER = YES;
				CLANG_WARN_RANGE_LOOP_ANALYSIS = YES;
				CLANG_WARN_STRICT_PROTOTYPES = YES;
				CLANG_WARN_SUSPICIOUS_MOVE = YES;
				CLANG_WARN_UNGUARDED_AVAILABILITY = YES_AGGRESSIVE;
				CLANG_WARN_UNREACHABLE_CODE = YES;
				CLANG_WARN__DUPLICATE_METHOD_MATCH = YES;
				COPY_PHASE_STRIP = NO;
				DEBUG_INFORMATION_FORMAT = dwarf;
				ENABLE_STRICT_OBJC_MSGSEND = YES;
				ENABLE_TESTABILITY = YES;
				ENABLE_USER_SCRIPT_SANDBOXING = YES;
				GCC_C_LANGUAGE_STANDARD = gnu17;
				GCC_DYNAMIC_NO_PIC = NO;
				GCC_NO_COMMON_BLOCKS = YES;
				GCC_OPTIMIZATION_LEVEL = 0;
				GCC_PREPROCESSOR_DEFINITIONS = (
					"DEBUG=1",
					"$(inherited)",
				);
				GCC_WARN_64_TO_32_BIT_CONVERSION = YES;
				GCC_WARN_ABOUT_RETURN_TYPE = YES_ERROR;
				GCC_WARN_UNDECLARED_SELECTOR = YES;
				GCC_WARN_UNINITIALIZED_AUTOS = YES_AGGRESSIVE;
				GCC_WARN_UNUSED_FUNCTION = YES;
				GCC_WARN_UNUSED_VARIABLE = YES;
				IPHONEOS_DEPLOYMENT_TARGET = 17.2;
				LOCALIZATION_PREFERS_STRING_CATALOGS = YES;
				MTL_ENABLE_DEBUG_INFO = INCLUDE_SOURCE;
				MTL_FAST_MATH = YES;
				ONLY_ACTIVE_ARCH = YES;
				SDKROOT = iphoneos;
				SWIFT_ACTIVE_COMPILATION_CONDITIONS = "DEBUG $(inherited)";
				SWIFT_OPTIMIZATION_LEVEL = "-Onone";
			};
			name = Debug;
		};
		E3C7CD652CB6DC8500B19E3C /* Release */ = {
			isa = XCBuildConfiguration;
			buildSettings = {
				ALWAYS_SEARCH_USER_PATHS = NO;
				ASSETCATALOG_COMPILER_GENERATE_SWIFT_ASSET_SYMBOL_EXTENSIONS = YES;
				CLANG_ANALYZER_NONNULL = YES;
				CLANG_ANALYZER_NUMBER_OBJECT_CONVERSION = YES_AGGRESSIVE;
				CLANG_CXX_LANGUAGE_STANDARD = "gnu++20";
				CLANG_ENABLE_MODULES = YES;
				CLANG_ENABLE_OBJC_ARC = YES;
				CLANG_ENABLE_OBJC_WEAK = YES;
				CLANG_WARN_BLOCK_CAPTURE_AUTORELEASING = YES;
				CLANG_WARN_BOOL_CONVERSION = YES;
				CLANG_WARN_COMMA = YES;
				CLANG_WARN_CONSTANT_CONVERSION = YES;
				CLANG_WARN_DEPRECATED_OBJC_IMPLEMENTATIONS = YES;
				CLANG_WARN_DIRECT_OBJC_ISA_USAGE = YES_ERROR;
				CLANG_WARN_DOCUMENTATION_COMMENTS = YES;
				CLANG_WARN_EMPTY_BODY = YES;
				CLANG_WARN_ENUM_CONVERSION = YES;
				CLANG_WARN_INFINITE_RECURSION = YES;
				CLANG_WARN_INT_CONVERSION = YES;
				CLANG_WARN_NON_LITERAL_NULL_CONVERSION = YES;
				CLANG_WARN_OBJC_IMPLICIT_RETAIN_SELF = YES;
				CLANG_WARN_OBJC_LITERAL_CONVERSION = YES;
				CLANG_WARN_OBJC_ROOT_CLASS = YES_ERROR;
				CLANG_WARN_QUOTED_INCLUDE_IN_FRAMEWORK_HEADER = YES;
				CLANG_WARN_RANGE_LOOP_ANALYSIS = YES;
				CLANG_WARN_STRICT_PROTOTYPES = YES;
				CLANG_WARN_SUSPICIOUS_MOVE = YES;
				CLANG_WARN_UNGUARDED_AVAILABILITY = YES_AGGRESSIVE;
				CLANG_WARN_UNREACHABLE_CODE = YES;
				CLANG_WARN__DUPLICATE_METHOD_MATCH = YES;
				COPY_PHASE_STRIP = NO;
				DEBUG_INFORMATION_FORMAT = "dwarf-with-dsym";
				ENABLE_NS_ASSERTIONS = NO;
				ENABLE_STRICT_OBJC_MSGSEND = YES;
				ENABLE_USER_SCRIPT_SANDBOXING = YES;
				GCC_C_LANGUAGE_STANDARD = gnu17;
				GCC_NO_COMMON_BLOCKS = YES;
				GCC_WARN_64_TO_32_BIT_CONVERSION = YES;
				GCC_WARN_ABOUT_RETURN_TYPE = YES_ERROR;
				GCC_WARN_UNDECLARED_SELECTOR = YES;
				GCC_WARN_UNINITIALIZED_AUTOS = YES_AGGRESSIVE;
				GCC_WARN_UNUSED_FUNCTION = YES;
				GCC_WARN_UNUSED_VARIABLE = YES;
				IPHONEOS_DEPLOYMENT_TARGET = 17.2;
				LOCALIZATION_PREFERS_STRING_CATALOGS = YES;
				MTL_ENABLE_DEBUG_INFO = NO;
				MTL_FAST_MATH = YES;
				SDKROOT = iphoneos;
				SWIFT_COMPILATION_MODE = wholemodule;
				VALIDATE_PRODUCT = YES;
			};
			name = Release;
		};
		E3C7CD672CB6DC8500B19E3C /* Debug */ = {
			isa = XCBuildConfiguration;
			buildSettings = {
				ASSETCATALOG_COMPILER_APPICON_NAME = AppIcon;
				ASSETCATALOG_COMPILER_GLOBAL_ACCENT_COLOR_NAME = AccentColor;
				CODE_SIGN_STYLE = Automatic;
				CURRENT_PROJECT_VERSION = 1;
				DEVELOPMENT_TEAM = Z8QVL3H8TQ;
				GENERATE_INFOPLIST_FILE = YES;
				INFOPLIST_FILE = Instagram/Info.plist;
				INFOPLIST_KEY_UIApplicationSupportsIndirectInputEvents = YES;
				INFOPLIST_KEY_UILaunchStoryboardName = LaunchScreen;
				INFOPLIST_KEY_UISupportedInterfaceOrientations_iPad = "UIInterfaceOrientationPortrait UIInterfaceOrientationPortraitUpsideDown UIInterfaceOrientationLandscapeLeft UIInterfaceOrientationLandscapeRight";
				INFOPLIST_KEY_UISupportedInterfaceOrientations_iPhone = "UIInterfaceOrientationPortrait UIInterfaceOrientationLandscapeLeft UIInterfaceOrientationLandscapeRight";
				LD_RUNPATH_SEARCH_PATHS = (
					"$(inherited)",
					"@executable_path/Frameworks",
				);
				MARKETING_VERSION = 1.0;
				PRODUCT_BUNDLE_IDENTIFIER = "-0.Instagram";
				PRODUCT_NAME = "$(TARGET_NAME)";
				SWIFT_EMIT_LOC_STRINGS = YES;
				SWIFT_VERSION = 5.0;
				TARGETED_DEVICE_FAMILY = "1,2";
			};
			name = Debug;
		};
		E3C7CD682CB6DC8500B19E3C /* Release */ = {
			isa = XCBuildConfiguration;
			buildSettings = {
				ASSETCATALOG_COMPILER_APPICON_NAME = AppIcon;
				ASSETCATALOG_COMPILER_GLOBAL_ACCENT_COLOR_NAME = AccentColor;
				CODE_SIGN_STYLE = Automatic;
				CURRENT_PROJECT_VERSION = 1;
				DEVELOPMENT_TEAM = Z8QVL3H8TQ;
				GENERATE_INFOPLIST_FILE = YES;
				INFOPLIST_FILE = Instagram/Info.plist;
				INFOPLIST_KEY_UIApplicationSupportsIndirectInputEvents = YES;
				INFOPLIST_KEY_UILaunchStoryboardName = LaunchScreen;
				INFOPLIST_KEY_UISupportedInterfaceOrientations_iPad = "UIInterfaceOrientationPortrait UIInterfaceOrientationPortraitUpsideDown UIInterfaceOrientationLandscapeLeft UIInterfaceOrientationLandscapeRight";
				INFOPLIST_KEY_UISupportedInterfaceOrientations_iPhone = "UIInterfaceOrientationPortrait UIInterfaceOrientationLandscapeLeft UIInterfaceOrientationLandscapeRight";
				LD_RUNPATH_SEARCH_PATHS = (
					"$(inherited)",
					"@executable_path/Frameworks",
				);
				MARKETING_VERSION = 1.0;
				PRODUCT_BUNDLE_IDENTIFIER = "-0.Instagram";
				PRODUCT_NAME = "$(TARGET_NAME)";
				SWIFT_EMIT_LOC_STRINGS = YES;
				SWIFT_VERSION = 5.0;
				TARGETED_DEVICE_FAMILY = "1,2";
			};
			name = Release;
		};
/* End XCBuildConfiguration section */

/* Begin XCConfigurationList section */
		E3C7CD4A2CB6DC8100B19E3C /* Build configuration list for PBXProject "Instagram" */ = {
			isa = XCConfigurationList;
			buildConfigurations = (
				E3C7CD642CB6DC8500B19E3C /* Debug */,
				E3C7CD652CB6DC8500B19E3C /* Release */,
			);
			defaultConfigurationIsVisible = 0;
			defaultConfigurationName = Release;
		};
		E3C7CD662CB6DC8500B19E3C /* Build configuration list for PBXNativeTarget "Instagram" */ = {
			isa = XCConfigurationList;
			buildConfigurations = (
				E3C7CD672CB6DC8500B19E3C /* Debug */,
				E3C7CD682CB6DC8500B19E3C /* Release */,
			);
			defaultConfigurationIsVisible = 0;
			defaultConfigurationName = Release;
		};
/* End XCConfigurationList section */

/* Begin XCRemoteSwiftPackageReference section */
		E3C7CD6D2CB6DD2E00B19E3C /* XCRemoteSwiftPackageReference "SnapKit" */ = {
			isa = XCRemoteSwiftPackageReference;
			repositoryURL = "https://github.com/SnapKit/SnapKit";
			requirement = {
				kind = upToNextMajorVersion;
				minimumVersion = 5.7.1;
			};
		};
		E3C7CD722CB6DD7A00B19E3C /* XCRemoteSwiftPackageReference "firebase-ios-sdk" */ = {
			isa = XCRemoteSwiftPackageReference;
			repositoryURL = "https://github.com/firebase/firebase-ios-sdk";
			requirement = {
				kind = upToNextMajorVersion;
				minimumVersion = 11.3.0;
			};
		};
/* End XCRemoteSwiftPackageReference section */

/* Begin XCSwiftPackageProductDependency section */
		E3C7CD6E2CB6DD2E00B19E3C /* SnapKit */ = {
			isa = XCSwiftPackageProductDependency;
			package = E3C7CD6D2CB6DD2E00B19E3C /* XCRemoteSwiftPackageReference "SnapKit" */;
			productName = SnapKit;
		};
		E3C7CD732CB6DD7A00B19E3C /* FirebaseAnalytics */ = {
			isa = XCSwiftPackageProductDependency;
			package = E3C7CD722CB6DD7A00B19E3C /* XCRemoteSwiftPackageReference "firebase-ios-sdk" */;
			productName = FirebaseAnalytics;
		};
		E3C7CD752CB6DD7A00B19E3C /* FirebaseAnalyticsOnDeviceConversion */ = {
			isa = XCSwiftPackageProductDependency;
			package = E3C7CD722CB6DD7A00B19E3C /* XCRemoteSwiftPackageReference "firebase-ios-sdk" */;
			productName = FirebaseAnalyticsOnDeviceConversion;
		};
		E3C7CD772CB6DD7A00B19E3C /* FirebaseAnalyticsWithoutAdIdSupport */ = {
			isa = XCSwiftPackageProductDependency;
			package = E3C7CD722CB6DD7A00B19E3C /* XCRemoteSwiftPackageReference "firebase-ios-sdk" */;
			productName = FirebaseAnalyticsWithoutAdIdSupport;
		};
		E3C7CD792CB6DD7A00B19E3C /* FirebaseAppCheck */ = {
			isa = XCSwiftPackageProductDependency;
			package = E3C7CD722CB6DD7A00B19E3C /* XCRemoteSwiftPackageReference "firebase-ios-sdk" */;
			productName = FirebaseAppCheck;
		};
		E3C7CD7B2CB6DD7A00B19E3C /* FirebaseAppDistribution-Beta */ = {
			isa = XCSwiftPackageProductDependency;
			package = E3C7CD722CB6DD7A00B19E3C /* XCRemoteSwiftPackageReference "firebase-ios-sdk" */;
			productName = "FirebaseAppDistribution-Beta";
		};
		E3C7CD952CB6E31900B19E3C /* FirebaseAnalytics */ = {
			isa = XCSwiftPackageProductDependency;
			package = E3C7CD722CB6DD7A00B19E3C /* XCRemoteSwiftPackageReference "firebase-ios-sdk" */;
			productName = FirebaseAnalytics;
		};
		E3C7CD972CB6E31900B19E3C /* FirebaseAnalyticsOnDeviceConversion */ = {
			isa = XCSwiftPackageProductDependency;
			package = E3C7CD722CB6DD7A00B19E3C /* XCRemoteSwiftPackageReference "firebase-ios-sdk" */;
			productName = FirebaseAnalyticsOnDeviceConversion;
		};
		E3C7CD992CB6E31900B19E3C /* FirebaseAnalyticsWithoutAdIdSupport */ = {
			isa = XCSwiftPackageProductDependency;
			package = E3C7CD722CB6DD7A00B19E3C /* XCRemoteSwiftPackageReference "firebase-ios-sdk" */;
			productName = FirebaseAnalyticsWithoutAdIdSupport;
		};
		E3C7CD9B2CB6E31900B19E3C /* FirebaseAppCheck */ = {
			isa = XCSwiftPackageProductDependency;
			package = E3C7CD722CB6DD7A00B19E3C /* XCRemoteSwiftPackageReference "firebase-ios-sdk" */;
			productName = FirebaseAppCheck;
		};
		E3C7CD9D2CB6E31900B19E3C /* FirebaseAppDistribution-Beta */ = {
			isa = XCSwiftPackageProductDependency;
			package = E3C7CD722CB6DD7A00B19E3C /* XCRemoteSwiftPackageReference "firebase-ios-sdk" */;
			productName = "FirebaseAppDistribution-Beta";
		};
		E3C7CD9F2CB6E31900B19E3C /* FirebaseAuth */ = {
			isa = XCSwiftPackageProductDependency;
			package = E3C7CD722CB6DD7A00B19E3C /* XCRemoteSwiftPackageReference "firebase-ios-sdk" */;
			productName = FirebaseAuth;
		};
		E3C7CDA12CB6E31900B19E3C /* FirebaseAuthCombine-Community */ = {
			isa = XCSwiftPackageProductDependency;
			package = E3C7CD722CB6DD7A00B19E3C /* XCRemoteSwiftPackageReference "firebase-ios-sdk" */;
			productName = "FirebaseAuthCombine-Community";
		};
		E3C7CDA32CB6E31900B19E3C /* FirebaseCore */ = {
			isa = XCSwiftPackageProductDependency;
			package = E3C7CD722CB6DD7A00B19E3C /* XCRemoteSwiftPackageReference "firebase-ios-sdk" */;
			productName = FirebaseCore;
		};
		E3C7CDA52CB6E31900B19E3C /* FirebaseCrashlytics */ = {
			isa = XCSwiftPackageProductDependency;
			package = E3C7CD722CB6DD7A00B19E3C /* XCRemoteSwiftPackageReference "firebase-ios-sdk" */;
			productName = FirebaseCrashlytics;
		};
		E3C7CDA72CB6E31900B19E3C /* FirebaseDatabase */ = {
			isa = XCSwiftPackageProductDependency;
			package = E3C7CD722CB6DD7A00B19E3C /* XCRemoteSwiftPackageReference "firebase-ios-sdk" */;
			productName = FirebaseDatabase;
		};
		E3C7CDA92CB6E31900B19E3C /* FirebaseDynamicLinks */ = {
			isa = XCSwiftPackageProductDependency;
			package = E3C7CD722CB6DD7A00B19E3C /* XCRemoteSwiftPackageReference "firebase-ios-sdk" */;
			productName = FirebaseDynamicLinks;
		};
		E3C7CDAB2CB6E31900B19E3C /* FirebaseFirestore */ = {
			isa = XCSwiftPackageProductDependency;
			package = E3C7CD722CB6DD7A00B19E3C /* XCRemoteSwiftPackageReference "firebase-ios-sdk" */;
			productName = FirebaseFirestore;
		};
		E3C7CDAD2CB6E31900B19E3C /* FirebaseFirestoreCombine-Community */ = {
			isa = XCSwiftPackageProductDependency;
			package = E3C7CD722CB6DD7A00B19E3C /* XCRemoteSwiftPackageReference "firebase-ios-sdk" */;
			productName = "FirebaseFirestoreCombine-Community";
		};
		E3C7CDAF2CB6E31900B19E3C /* FirebaseFunctions */ = {
			isa = XCSwiftPackageProductDependency;
			package = E3C7CD722CB6DD7A00B19E3C /* XCRemoteSwiftPackageReference "firebase-ios-sdk" */;
			productName = FirebaseFunctions;
		};
		E3C7CDB12CB6E31900B19E3C /* FirebaseFunctionsCombine-Community */ = {
			isa = XCSwiftPackageProductDependency;
			package = E3C7CD722CB6DD7A00B19E3C /* XCRemoteSwiftPackageReference "firebase-ios-sdk" */;
			productName = "FirebaseFunctionsCombine-Community";
		};
		E3C7CDB32CB6E31900B19E3C /* FirebaseInAppMessaging-Beta */ = {
			isa = XCSwiftPackageProductDependency;
			package = E3C7CD722CB6DD7A00B19E3C /* XCRemoteSwiftPackageReference "firebase-ios-sdk" */;
			productName = "FirebaseInAppMessaging-Beta";
		};
		E3C7CDB52CB6E31900B19E3C /* FirebaseInstallations */ = {
			isa = XCSwiftPackageProductDependency;
			package = E3C7CD722CB6DD7A00B19E3C /* XCRemoteSwiftPackageReference "firebase-ios-sdk" */;
			productName = FirebaseInstallations;
		};
		E3C7CDB72CB6E31900B19E3C /* FirebaseMLModelDownloader */ = {
			isa = XCSwiftPackageProductDependency;
			package = E3C7CD722CB6DD7A00B19E3C /* XCRemoteSwiftPackageReference "firebase-ios-sdk" */;
			productName = FirebaseMLModelDownloader;
		};
		E3C7CDB92CB6E31900B19E3C /* FirebaseMessaging */ = {
			isa = XCSwiftPackageProductDependency;
			package = E3C7CD722CB6DD7A00B19E3C /* XCRemoteSwiftPackageReference "firebase-ios-sdk" */;
			productName = FirebaseMessaging;
		};
		E3C7CDBB2CB6E31900B19E3C /* FirebasePerformance */ = {
			isa = XCSwiftPackageProductDependency;
			package = E3C7CD722CB6DD7A00B19E3C /* XCRemoteSwiftPackageReference "firebase-ios-sdk" */;
			productName = FirebasePerformance;
		};
		E3C7CDBD2CB6E31900B19E3C /* FirebaseRemoteConfig */ = {
			isa = XCSwiftPackageProductDependency;
			package = E3C7CD722CB6DD7A00B19E3C /* XCRemoteSwiftPackageReference "firebase-ios-sdk" */;
			productName = FirebaseRemoteConfig;
		};
		E3C7CDBF2CB6E31900B19E3C /* FirebaseStorage */ = {
			isa = XCSwiftPackageProductDependency;
			package = E3C7CD722CB6DD7A00B19E3C /* XCRemoteSwiftPackageReference "firebase-ios-sdk" */;
			productName = FirebaseStorage;
		};
		E3C7CDC12CB6E31900B19E3C /* FirebaseStorageCombine-Community */ = {
			isa = XCSwiftPackageProductDependency;
			package = E3C7CD722CB6DD7A00B19E3C /* XCRemoteSwiftPackageReference "firebase-ios-sdk" */;
			productName = "FirebaseStorageCombine-Community";
		};
		E3C7CDC32CB6E31900B19E3C /* FirebaseVertexAI-Preview */ = {
			isa = XCSwiftPackageProductDependency;
			package = E3C7CD722CB6DD7A00B19E3C /* XCRemoteSwiftPackageReference "firebase-ios-sdk" */;
			productName = "FirebaseVertexAI-Preview";
		};
/* End XCSwiftPackageProductDependency section */

/* Begin XCVersionGroup section */
		E3C7CD5B2CB6DC8100B19E3C /* Instagram.xcdatamodeld */ = {
			isa = XCVersionGroup;
			children = (
				E3C7CD5C2CB6DC8100B19E3C /* Instagram.xcdatamodel */,
			);
			currentVersion = E3C7CD5C2CB6DC8100B19E3C /* Instagram.xcdatamodel */;
			path = Instagram.xcdatamodeld;
			sourceTree = "<group>";
			versionGroupType = wrapper.xcdatamodel;
		};
/* End XCVersionGroup section */
	};
	rootObject = E3C7CD472CB6DC8100B19E3C /* Project object */;
}
